PODS:
  - FoldingCell (5.0.1)
  - MBRadioCheckboxButton (2.0)

DEPENDENCIES:
  - FoldingCell
  - MBRadioCheckboxButton

SPEC REPOS:
  https://github.com/cocoapods/specs.git:
    - FoldingCell
    - MBRadioCheckboxButton

SPEC CHECKSUMS:
  FoldingCell: 9197b915a415af9e52a857964066797af6a51c2b
  MBRadioCheckboxButton: 6e2a2cdc441e292e45b64c4e65eb8fc1fc05eef2

PODFILE CHECKSUM: c0cbd2bd78bb119b656b39a160789cce30a6f4cf

COCOAPODS: 1.6.1
