// !$*UTF8*$!
{
	archiveVersion = 1;
	classes = {
	};
	objectVersion = 51;
	objects = {

/* Begin PBXBuildFile section */
		2CC78CC023283F86006CDFAE /* StepCell.swift in Sources */ = {isa = PBXBuildFile; fileRef = 2CC78CBE23283F86006CDFAE /* StepCell.swift */; };
		2CC78CC123283F86006CDFAE /* StepCell.xib in Resources */ = {isa = PBXBuildFile; fileRef = 2CC78CBF23283F86006CDFAE /* StepCell.xib */; };
		2CC78CC32328ABE0006CDFAE /* ShadowView.swift in Sources */ = {isa = PBXBuildFile; fileRef = 2CC78CC22328ABE0006CDFAE /* ShadowView.swift */; };
		2CC78CC52328AEAD006CDFAE /* VerticallyCenteredTextView.swift in Sources */ = {isa = PBXBuildFile; fileRef = 2CC78CC42328AEAD006CDFAE /* VerticallyCenteredTextView.swift */; };
		2CC78CD82328DBFD006CDFAE /* Environment.swift in Sources */ = {isa = PBXBuildFile; fileRef = 2CC78CD72328DBFD006CDFAE /* Environment.swift */; };
		3738EC5523061D800083158B /* AppDelegate.swift in Sources */ = {isa = PBXBuildFile; fileRef = 3738EC5423061D800083158B /* AppDelegate.swift */; };
		3738EC5A23061D800083158B /* Main.storyboard in Resources */ = {isa = PBXBuildFile; fileRef = 3738EC5823061D800083158B /* Main.storyboard */; };
		3738EC5C23061D830083158B /* Assets.xcassets in Resources */ = {isa = PBXBuildFile; fileRef = 3738EC5B23061D830083158B /* Assets.xcassets */; };
		3738EC5F23061D830083158B /* LaunchScreen.storyboard in Resources */ = {isa = PBXBuildFile; fileRef = 3738EC5D23061D830083158B /* LaunchScreen.storyboard */; };
		3738EC67230628770083158B /* CareerEndorsementViewController.swift in Sources */ = {isa = PBXBuildFile; fileRef = 3738EC66230628770083158B /* CareerEndorsementViewController.swift */; };
		3758984A2321BCEC00363B60 /* Lato-Bold.ttf in Resources */ = {isa = PBXBuildFile; fileRef = 375898492321BCEC00363B60 /* Lato-Bold.ttf */; };
		3758984E2321BD1600363B60 /* BarlowCondensed-Black.ttf in Resources */ = {isa = PBXBuildFile; fileRef = 3758984D2321BD1600363B60 /* BarlowCondensed-Black.ttf */; };
		375898502321BD2000363B60 /* BarlowCondensed-Bold.ttf in Resources */ = {isa = PBXBuildFile; fileRef = 3758984F2321BD2000363B60 /* BarlowCondensed-Bold.ttf */; };
		375898522321BD2900363B60 /* BarlowCondensed-Regular.ttf in Resources */ = {isa = PBXBuildFile; fileRef = 375898512321BD2900363B60 /* BarlowCondensed-Regular.ttf */; };
		375898542321C0EE00363B60 /* Lato-Regular.ttf in Resources */ = {isa = PBXBuildFile; fileRef = 375898532321C0EE00363B60 /* Lato-Regular.ttf */; };
		377AB69323229B240040D7CD /* BarlowCondensed-SemiBold.ttf in Resources */ = {isa = PBXBuildFile; fileRef = 377AB69223229B240040D7CD /* BarlowCondensed-SemiBold.ttf */; };
		379D2C4023396CB500A33496 /* RequestPasswordResetViewController.swift in Sources */ = {isa = PBXBuildFile; fileRef = 379D2C3F23396CB500A33496 /* RequestPasswordResetViewController.swift */; };
		570CE8E723144E1700077B72 /* RequirementsTableViewCell.swift in Sources */ = {isa = PBXBuildFile; fileRef = 570CE8E623144E1600077B72 /* RequirementsTableViewCell.swift */; };
		570CE8F92315CA5C00077B72 /* Server.swift in Sources */ = {isa = PBXBuildFile; fileRef = 570CE8F82315CA5C00077B72 /* Server.swift */; };
		570CE8FC2315CA7E00077B72 /* LoginViewController.swift in Sources */ = {isa = PBXBuildFile; fileRef = 570CE8FB2315CA7E00077B72 /* LoginViewController.swift */; };
		570CE9002315CA9700077B72 /* SignUpViewController.swift in Sources */ = {isa = PBXBuildFile; fileRef = 570CE8FF2315CA9700077B72 /* SignUpViewController.swift */; };
		570CE9022315CAE800077B72 /* Bearer.swift in Sources */ = {isa = PBXBuildFile; fileRef = 570CE9012315CAE800077B72 /* Bearer.swift */; };
		570CE90B2315D59F00077B72 /* Lambda.swift in Sources */ = {isa = PBXBuildFile; fileRef = 570CE90A2315D59F00077B72 /* Lambda.swift */; };
		570CE90E2315D6B300077B72 /* HomeCollectionViewCell.swift in Sources */ = {isa = PBXBuildFile; fileRef = 570CE90D2315D6B300077B72 /* HomeCollectionViewCell.swift */; };
		570CE9112315F32200077B72 /* WelcomeNavigationController.swift in Sources */ = {isa = PBXBuildFile; fileRef = 570CE9102315F32200077B72 /* WelcomeNavigationController.swift */; };
		570CE9132315F37200077B72 /* WelcomeViewController.swift in Sources */ = {isa = PBXBuildFile; fileRef = 570CE9122315F37200077B72 /* WelcomeViewController.swift */; };
		57191C782320E81200542F37 /* HomeDetailTableViewController.swift in Sources */ = {isa = PBXBuildFile; fileRef = 57191C772320E81200542F37 /* HomeDetailTableViewController.swift */; };
		57191C7A2320EDD300542F37 /* HomeDetailTableViewCell.swift in Sources */ = {isa = PBXBuildFile; fileRef = 57191C792320EDD300542F37 /* HomeDetailTableViewCell.swift */; };
		573A9A71233ADB77006FC25C /* CoachProfileTableViewCell.swift in Sources */ = {isa = PBXBuildFile; fileRef = 573A9A70233ADB77006FC25C /* CoachProfileTableViewCell.swift */; };
		573A9A73233AE848006FC25C /* SearchDetailTableViewController.swift in Sources */ = {isa = PBXBuildFile; fileRef = 573A9A72233AE848006FC25C /* SearchDetailTableViewController.swift */; };
		5784F9EB230729B600C11198 /* DataGetter.swift in Sources */ = {isa = PBXBuildFile; fileRef = 5784F9EA230729B600C11198 /* DataGetter.swift */; };
		5784F9ED23072A1600C11198 /* CurrentUser.swift in Sources */ = {isa = PBXBuildFile; fileRef = 5784F9EC23072A1600C11198 /* CurrentUser.swift */; };
		5784F9EF23072BFB00C11198 /* Config.swift in Sources */ = {isa = PBXBuildFile; fileRef = 5784F9EE23072BFB00C11198 /* Config.swift */; };
		5784F9F123072D5600C11198 /* Welcome.storyboard in Resources */ = {isa = PBXBuildFile; fileRef = 5784F9F023072D5600C11198 /* Welcome.storyboard */; };
		579828392333D75700B06675 /* Coaches.storyboard in Resources */ = {isa = PBXBuildFile; fileRef = 579828382333D75700B06675 /* Coaches.storyboard */; };
		5798283C2333DA2000B06675 /* CoachSearchViewController.swift in Sources */ = {isa = PBXBuildFile; fileRef = 5798283B2333DA2000B06675 /* CoachSearchViewController.swift */; };
		57D0CE73232C2F680063D5D1 /* Emitter.swift in Sources */ = {isa = PBXBuildFile; fileRef = 57D0CE72232C2F680063D5D1 /* Emitter.swift */; };
		57D0CE75232C307D0063D5D1 /* HomeView+Emitter.swift in Sources */ = {isa = PBXBuildFile; fileRef = 57D0CE74232C307D0063D5D1 /* HomeView+Emitter.swift */; };
		5BFE7A4423297BD8006DEA9E /* Development.xcconfig in Resources */ = {isa = PBXBuildFile; fileRef = 5BFE7A4323297BD8006DEA9E /* Development.xcconfig */; };
		5BFE7A4723297BE2006DEA9E /* Production.xcconfig in Resources */ = {isa = PBXBuildFile; fileRef = 5BFE7A4523297BE2006DEA9E /* Production.xcconfig */; };
		5BFE7A4823297BE2006DEA9E /* Staging.xcconfig in Resources */ = {isa = PBXBuildFile; fileRef = 5BFE7A4623297BE2006DEA9E /* Staging.xcconfig */; };
		F5C978521B4225F34E901EDF /* Pods_Career_Endorsement_Tracker.framework in Frameworks */ = {isa = PBXBuildFile; fileRef = 7FD2B826C8A33A4E413634C0 /* Pods_Career_Endorsement_Tracker.framework */; };
		FA0383122336BEB600ADF1FD /* Support.storyboard in Resources */ = {isa = PBXBuildFile; fileRef = FA0383112336BEB600ADF1FD /* Support.storyboard */; };
		FA0383142336C06200ADF1FD /* SupportTableViewController.swift in Sources */ = {isa = PBXBuildFile; fileRef = FA0383132336C06200ADF1FD /* SupportTableViewController.swift */; };
		FA2B1B2F233178AC00E9FD6D /* Resources.storyboard in Resources */ = {isa = PBXBuildFile; fileRef = FA2B1B2E233178AC00E9FD6D /* Resources.storyboard */; };
		FA2B1B322331794200E9FD6D /* ResourcesViewController.swift in Sources */ = {isa = PBXBuildFile; fileRef = FA2B1B312331794200E9FD6D /* ResourcesViewController.swift */; };
		FA2B1B3623317B2200E9FD6D /* ResourcesTableViewCell.swift in Sources */ = {isa = PBXBuildFile; fileRef = FA2B1B3423317B2200E9FD6D /* ResourcesTableViewCell.swift */; };
		FA2B1B3723317B2200E9FD6D /* ResourcesTableViewCell.xib in Resources */ = {isa = PBXBuildFile; fileRef = FA2B1B3523317B2200E9FD6D /* ResourcesTableViewCell.xib */; };
		FA593528232300C4003621A8 /* HomeViewController.swift in Sources */ = {isa = PBXBuildFile; fileRef = FA593527232300C4003621A8 /* HomeViewController.swift */; };
		FA7A178F233A8F380090D5EF /* CoachProfileTableViewController.swift in Sources */ = {isa = PBXBuildFile; fileRef = FA7A178E233A8F380090D5EF /* CoachProfileTableViewController.swift */; };
		FA7A1791233A8F6E0090D5EF /* CoachCalendlyViewController.swift in Sources */ = {isa = PBXBuildFile; fileRef = FA7A1790233A8F6E0090D5EF /* CoachCalendlyViewController.swift */; };
		FA7A1793233A8F8A0090D5EF /* CoachPasswordViewController.swift in Sources */ = {isa = PBXBuildFile; fileRef = FA7A1792233A8F8A0090D5EF /* CoachPasswordViewController.swift */; };
		FA7A1795233AB93E0090D5EF /* CoachSearchTableViewCell.swift in Sources */ = {isa = PBXBuildFile; fileRef = FA7A1794233AB93E0090D5EF /* CoachSearchTableViewCell.swift */; };
		FABFB8232328121800B4647E /* CircularProgressBar.swift in Sources */ = {isa = PBXBuildFile; fileRef = FABFB8222328121800B4647E /* CircularProgressBar.swift */; };
		FACADFDE2316FEDE001BBE9C /* Extensions.swift in Sources */ = {isa = PBXBuildFile; fileRef = FACADFDD2316FEDE001BBE9C /* Extensions.swift */; };
		FACC349323344AC00092D084 /* SupportViewController.swift in Sources */ = {isa = PBXBuildFile; fileRef = FACC349223344AC00092D084 /* SupportViewController.swift */; };
		FACC349723344CFF0092D084 /* SupportTableViewCell.swift in Sources */ = {isa = PBXBuildFile; fileRef = FACC349523344CFF0092D084 /* SupportTableViewCell.swift */; };
		FACC349823344CFF0092D084 /* SupportTableViewCell.xib in Resources */ = {isa = PBXBuildFile; fileRef = FACC349623344CFF0092D084 /* SupportTableViewCell.xib */; };
		FACC349B233571AC0092D084 /* AccountTableViewController.swift in Sources */ = {isa = PBXBuildFile; fileRef = FACC349A233571AC0092D084 /* AccountTableViewController.swift */; };
		FACC349D233577260092D084 /* CoreUserController.swift in Sources */ = {isa = PBXBuildFile; fileRef = FACC349C233577260092D084 /* CoreUserController.swift */; };
		FAEC2D1323281615007AC7BA /* CircularProgress.swift in Sources */ = {isa = PBXBuildFile; fileRef = FAEC2D1223281615007AC7BA /* CircularProgress.swift */; };
/* End PBXBuildFile section */

/* Begin PBXCopyFilesBuildPhase section */
		FA5D9B1E230F181B00DC9BC1 /* Embed App Extensions */ = {
			isa = PBXCopyFilesBuildPhase;
			buildActionMask = 2147483647;
			dstPath = "";
			dstSubfolderSpec = 13;
			files = (
			);
			name = "Embed App Extensions";
			runOnlyForDeploymentPostprocessing = 0;
		};
/* End PBXCopyFilesBuildPhase section */

/* Begin PBXFileReference section */
		2CC78CBE23283F86006CDFAE /* StepCell.swift */ = {isa = PBXFileReference; lastKnownFileType = sourcecode.swift; path = StepCell.swift; sourceTree = "<group>"; };
		2CC78CBF23283F86006CDFAE /* StepCell.xib */ = {isa = PBXFileReference; lastKnownFileType = file.xib; path = StepCell.xib; sourceTree = "<group>"; };
		2CC78CC22328ABE0006CDFAE /* ShadowView.swift */ = {isa = PBXFileReference; lastKnownFileType = sourcecode.swift; path = ShadowView.swift; sourceTree = "<group>"; };
		2CC78CC42328AEAD006CDFAE /* VerticallyCenteredTextView.swift */ = {isa = PBXFileReference; lastKnownFileType = sourcecode.swift; path = VerticallyCenteredTextView.swift; sourceTree = "<group>"; };
		2CC78CD72328DBFD006CDFAE /* Environment.swift */ = {isa = PBXFileReference; lastKnownFileType = sourcecode.swift; path = Environment.swift; sourceTree = "<group>"; };
		3738EC5123061D800083158B /* Career Endorsement Tracker.app */ = {isa = PBXFileReference; explicitFileType = wrapper.application; includeInIndex = 0; path = "Career Endorsement Tracker.app"; sourceTree = BUILT_PRODUCTS_DIR; };
		3738EC5423061D800083158B /* AppDelegate.swift */ = {isa = PBXFileReference; lastKnownFileType = sourcecode.swift; name = AppDelegate.swift; path = ../AppDelegate.swift; sourceTree = "<group>"; };
		3738EC5923061D800083158B /* Base */ = {isa = PBXFileReference; lastKnownFileType = file.storyboard; name = Base; path = Base.lproj/Main.storyboard; sourceTree = "<group>"; };
		3738EC5B23061D830083158B /* Assets.xcassets */ = {isa = PBXFileReference; lastKnownFileType = folder.assetcatalog; path = Assets.xcassets; sourceTree = "<group>"; };
		3738EC5E23061D830083158B /* Base */ = {isa = PBXFileReference; lastKnownFileType = file.storyboard; name = Base; path = Base.lproj/LaunchScreen.storyboard; sourceTree = "<group>"; };
		3738EC6023061D830083158B /* Info.plist */ = {isa = PBXFileReference; lastKnownFileType = text.plist.xml; path = Info.plist; sourceTree = "<group>"; };
		3738EC66230628770083158B /* CareerEndorsementViewController.swift */ = {isa = PBXFileReference; lastKnownFileType = sourcecode.swift; path = CareerEndorsementViewController.swift; sourceTree = "<group>"; };
		375898492321BCEC00363B60 /* Lato-Bold.ttf */ = {isa = PBXFileReference; lastKnownFileType = file; path = "Lato-Bold.ttf"; sourceTree = "<group>"; };
		3758984D2321BD1600363B60 /* BarlowCondensed-Black.ttf */ = {isa = PBXFileReference; lastKnownFileType = file; path = "BarlowCondensed-Black.ttf"; sourceTree = "<group>"; };
		3758984F2321BD2000363B60 /* BarlowCondensed-Bold.ttf */ = {isa = PBXFileReference; lastKnownFileType = file; path = "BarlowCondensed-Bold.ttf"; sourceTree = "<group>"; };
		375898512321BD2900363B60 /* BarlowCondensed-Regular.ttf */ = {isa = PBXFileReference; lastKnownFileType = file; path = "BarlowCondensed-Regular.ttf"; sourceTree = "<group>"; };
		375898532321C0EE00363B60 /* Lato-Regular.ttf */ = {isa = PBXFileReference; lastKnownFileType = file; path = "Lato-Regular.ttf"; sourceTree = "<group>"; };
		377AB69223229B240040D7CD /* BarlowCondensed-SemiBold.ttf */ = {isa = PBXFileReference; lastKnownFileType = file; path = "BarlowCondensed-SemiBold.ttf"; sourceTree = "<group>"; };
		379D2C3F23396CB500A33496 /* RequestPasswordResetViewController.swift */ = {isa = PBXFileReference; lastKnownFileType = sourcecode.swift; path = RequestPasswordResetViewController.swift; sourceTree = "<group>"; };
		4C7423E2CB04C8BD4F08A4E0 /* Pods-Career Endorsement Tracker.debug (production).xcconfig */ = {isa = PBXFileReference; includeInIndex = 1; lastKnownFileType = text.xcconfig; name = "Pods-Career Endorsement Tracker.debug (production).xcconfig"; path = "Target Support Files/Pods-Career Endorsement Tracker/Pods-Career Endorsement Tracker.debug (production).xcconfig"; sourceTree = "<group>"; };
		50F6CA26947831D255D01E5C /* Pods-Career Endorsement Tracker.debug (development).xcconfig */ = {isa = PBXFileReference; includeInIndex = 1; lastKnownFileType = text.xcconfig; name = "Pods-Career Endorsement Tracker.debug (development).xcconfig"; path = "Target Support Files/Pods-Career Endorsement Tracker/Pods-Career Endorsement Tracker.debug (development).xcconfig"; sourceTree = "<group>"; };
		570CE8E623144E1600077B72 /* RequirementsTableViewCell.swift */ = {isa = PBXFileReference; lastKnownFileType = sourcecode.swift; path = RequirementsTableViewCell.swift; sourceTree = "<group>"; };
		570CE8F82315CA5C00077B72 /* Server.swift */ = {isa = PBXFileReference; lastKnownFileType = sourcecode.swift; path = Server.swift; sourceTree = "<group>"; };
		570CE8FB2315CA7E00077B72 /* LoginViewController.swift */ = {isa = PBXFileReference; lastKnownFileType = sourcecode.swift; path = LoginViewController.swift; sourceTree = "<group>"; };
		570CE8FF2315CA9700077B72 /* SignUpViewController.swift */ = {isa = PBXFileReference; lastKnownFileType = sourcecode.swift; path = SignUpViewController.swift; sourceTree = "<group>"; };
		570CE9012315CAE800077B72 /* Bearer.swift */ = {isa = PBXFileReference; lastKnownFileType = sourcecode.swift; path = Bearer.swift; sourceTree = "<group>"; };
		570CE90A2315D59F00077B72 /* Lambda.swift */ = {isa = PBXFileReference; lastKnownFileType = sourcecode.swift; path = Lambda.swift; sourceTree = "<group>"; };
		570CE90D2315D6B300077B72 /* HomeCollectionViewCell.swift */ = {isa = PBXFileReference; lastKnownFileType = sourcecode.swift; path = HomeCollectionViewCell.swift; sourceTree = "<group>"; };
		570CE9102315F32200077B72 /* WelcomeNavigationController.swift */ = {isa = PBXFileReference; lastKnownFileType = sourcecode.swift; path = WelcomeNavigationController.swift; sourceTree = "<group>"; };
		570CE9122315F37200077B72 /* WelcomeViewController.swift */ = {isa = PBXFileReference; lastKnownFileType = sourcecode.swift; path = WelcomeViewController.swift; sourceTree = "<group>"; };
		57191C772320E81200542F37 /* HomeDetailTableViewController.swift */ = {isa = PBXFileReference; lastKnownFileType = sourcecode.swift; path = HomeDetailTableViewController.swift; sourceTree = "<group>"; };
		57191C792320EDD300542F37 /* HomeDetailTableViewCell.swift */ = {isa = PBXFileReference; lastKnownFileType = sourcecode.swift; path = HomeDetailTableViewCell.swift; sourceTree = "<group>"; };
		573A9A70233ADB77006FC25C /* CoachProfileTableViewCell.swift */ = {isa = PBXFileReference; lastKnownFileType = sourcecode.swift; path = CoachProfileTableViewCell.swift; sourceTree = "<group>"; };
		573A9A72233AE848006FC25C /* SearchDetailTableViewController.swift */ = {isa = PBXFileReference; lastKnownFileType = sourcecode.swift; path = SearchDetailTableViewController.swift; sourceTree = "<group>"; };
		5784F9EA230729B600C11198 /* DataGetter.swift */ = {isa = PBXFileReference; lastKnownFileType = sourcecode.swift; path = DataGetter.swift; sourceTree = "<group>"; };
		5784F9EC23072A1600C11198 /* CurrentUser.swift */ = {isa = PBXFileReference; lastKnownFileType = sourcecode.swift; path = CurrentUser.swift; sourceTree = "<group>"; };
		5784F9EE23072BFB00C11198 /* Config.swift */ = {isa = PBXFileReference; lastKnownFileType = sourcecode.swift; path = Config.swift; sourceTree = "<group>"; };
		5784F9F023072D5600C11198 /* Welcome.storyboard */ = {isa = PBXFileReference; lastKnownFileType = file.storyboard; path = Welcome.storyboard; sourceTree = "<group>"; };
		579828382333D75700B06675 /* Coaches.storyboard */ = {isa = PBXFileReference; lastKnownFileType = file.storyboard; path = Coaches.storyboard; sourceTree = "<group>"; };
		5798283B2333DA2000B06675 /* CoachSearchViewController.swift */ = {isa = PBXFileReference; lastKnownFileType = sourcecode.swift; path = CoachSearchViewController.swift; sourceTree = "<group>"; };
		57D0CE72232C2F680063D5D1 /* Emitter.swift */ = {isa = PBXFileReference; fileEncoding = 4; lastKnownFileType = sourcecode.swift; name = Emitter.swift; path = ../Emitter.swift; sourceTree = "<group>"; };
		57D0CE74232C307D0063D5D1 /* HomeView+Emitter.swift */ = {isa = PBXFileReference; lastKnownFileType = sourcecode.swift; path = "HomeView+Emitter.swift"; sourceTree = "<group>"; };
		5BFE7A4323297BD8006DEA9E /* Development.xcconfig */ = {isa = PBXFileReference; fileEncoding = 4; lastKnownFileType = text.xcconfig; path = Development.xcconfig; sourceTree = "<group>"; };
		5BFE7A4523297BE2006DEA9E /* Production.xcconfig */ = {isa = PBXFileReference; fileEncoding = 4; lastKnownFileType = text.xcconfig; path = Production.xcconfig; sourceTree = "<group>"; };
		5BFE7A4623297BE2006DEA9E /* Staging.xcconfig */ = {isa = PBXFileReference; fileEncoding = 4; lastKnownFileType = text.xcconfig; path = Staging.xcconfig; sourceTree = "<group>"; };
		77E1E8B60F28862BB4144B51 /* Pods-Career Endorsement Tracker.release (staging).xcconfig */ = {isa = PBXFileReference; includeInIndex = 1; lastKnownFileType = text.xcconfig; name = "Pods-Career Endorsement Tracker.release (staging).xcconfig"; path = "Target Support Files/Pods-Career Endorsement Tracker/Pods-Career Endorsement Tracker.release (staging).xcconfig"; sourceTree = "<group>"; };
		7FD2B826C8A33A4E413634C0 /* Pods_Career_Endorsement_Tracker.framework */ = {isa = PBXFileReference; explicitFileType = wrapper.framework; includeInIndex = 0; path = Pods_Career_Endorsement_Tracker.framework; sourceTree = BUILT_PRODUCTS_DIR; };
		825D607A9E41509D8C72F891 /* Pods-Career Endorsement Tracker.release (production).xcconfig */ = {isa = PBXFileReference; includeInIndex = 1; lastKnownFileType = text.xcconfig; name = "Pods-Career Endorsement Tracker.release (production).xcconfig"; path = "Target Support Files/Pods-Career Endorsement Tracker/Pods-Career Endorsement Tracker.release (production).xcconfig"; sourceTree = "<group>"; };
		90F2AA5C81ACE05EE50FEF3F /* Pods-Career Endorsement Tracker.release (development).xcconfig */ = {isa = PBXFileReference; includeInIndex = 1; lastKnownFileType = text.xcconfig; name = "Pods-Career Endorsement Tracker.release (development).xcconfig"; path = "Target Support Files/Pods-Career Endorsement Tracker/Pods-Career Endorsement Tracker.release (development).xcconfig"; sourceTree = "<group>"; };
		B1FAE21CFFD093DD18A53900 /* Pods-Career Endorsement Tracker.debug (staging).xcconfig */ = {isa = PBXFileReference; includeInIndex = 1; lastKnownFileType = text.xcconfig; name = "Pods-Career Endorsement Tracker.debug (staging).xcconfig"; path = "Target Support Files/Pods-Career Endorsement Tracker/Pods-Career Endorsement Tracker.debug (staging).xcconfig"; sourceTree = "<group>"; };
		FA0383112336BEB600ADF1FD /* Support.storyboard */ = {isa = PBXFileReference; lastKnownFileType = file.storyboard; path = Support.storyboard; sourceTree = "<group>"; };
		FA0383132336C06200ADF1FD /* SupportTableViewController.swift */ = {isa = PBXFileReference; lastKnownFileType = sourcecode.swift; path = SupportTableViewController.swift; sourceTree = "<group>"; };
		FA2B1B2E233178AC00E9FD6D /* Resources.storyboard */ = {isa = PBXFileReference; lastKnownFileType = file.storyboard; path = Resources.storyboard; sourceTree = "<group>"; };
		FA2B1B312331794200E9FD6D /* ResourcesViewController.swift */ = {isa = PBXFileReference; lastKnownFileType = sourcecode.swift; path = ResourcesViewController.swift; sourceTree = "<group>"; };
		FA2B1B3423317B2200E9FD6D /* ResourcesTableViewCell.swift */ = {isa = PBXFileReference; lastKnownFileType = sourcecode.swift; path = ResourcesTableViewCell.swift; sourceTree = "<group>"; };
		FA2B1B3523317B2200E9FD6D /* ResourcesTableViewCell.xib */ = {isa = PBXFileReference; lastKnownFileType = file.xib; path = ResourcesTableViewCell.xib; sourceTree = "<group>"; };
		FA593527232300C4003621A8 /* HomeViewController.swift */ = {isa = PBXFileReference; lastKnownFileType = sourcecode.swift; path = HomeViewController.swift; sourceTree = "<group>"; };
		FA5D9B15230F181B00DC9BC1 /* NotificationService.swift */ = {isa = PBXFileReference; lastKnownFileType = sourcecode.swift; path = NotificationService.swift; sourceTree = "<group>"; };
		FA5D9B17230F181B00DC9BC1 /* Info.plist */ = {isa = PBXFileReference; lastKnownFileType = text.plist.xml; path = Info.plist; sourceTree = "<group>"; };
		FA7A178E233A8F380090D5EF /* CoachProfileTableViewController.swift */ = {isa = PBXFileReference; lastKnownFileType = sourcecode.swift; path = CoachProfileTableViewController.swift; sourceTree = "<group>"; };
		FA7A1790233A8F6E0090D5EF /* CoachCalendlyViewController.swift */ = {isa = PBXFileReference; lastKnownFileType = sourcecode.swift; path = CoachCalendlyViewController.swift; sourceTree = "<group>"; };
		FA7A1792233A8F8A0090D5EF /* CoachPasswordViewController.swift */ = {isa = PBXFileReference; lastKnownFileType = sourcecode.swift; path = CoachPasswordViewController.swift; sourceTree = "<group>"; };
		FA7A1794233AB93E0090D5EF /* CoachSearchTableViewCell.swift */ = {isa = PBXFileReference; lastKnownFileType = sourcecode.swift; path = CoachSearchTableViewCell.swift; sourceTree = "<group>"; };
		FABFB8222328121800B4647E /* CircularProgressBar.swift */ = {isa = PBXFileReference; lastKnownFileType = sourcecode.swift; path = CircularProgressBar.swift; sourceTree = "<group>"; };
		FACADFDD2316FEDE001BBE9C /* Extensions.swift */ = {isa = PBXFileReference; lastKnownFileType = sourcecode.swift; path = Extensions.swift; sourceTree = "<group>"; };
		FACC349223344AC00092D084 /* SupportViewController.swift */ = {isa = PBXFileReference; lastKnownFileType = sourcecode.swift; path = SupportViewController.swift; sourceTree = "<group>"; };
		FACC349523344CFF0092D084 /* SupportTableViewCell.swift */ = {isa = PBXFileReference; lastKnownFileType = sourcecode.swift; path = SupportTableViewCell.swift; sourceTree = "<group>"; };
		FACC349623344CFF0092D084 /* SupportTableViewCell.xib */ = {isa = PBXFileReference; lastKnownFileType = file.xib; path = SupportTableViewCell.xib; sourceTree = "<group>"; };
		FACC349A233571AC0092D084 /* AccountTableViewController.swift */ = {isa = PBXFileReference; lastKnownFileType = sourcecode.swift; path = AccountTableViewController.swift; sourceTree = "<group>"; };
		FACC349C233577260092D084 /* CoreUserController.swift */ = {isa = PBXFileReference; lastKnownFileType = sourcecode.swift; path = CoreUserController.swift; sourceTree = "<group>"; };
		FAE9606D230F1AB7006E7467 /* Career Endorsement Tracker.entitlements */ = {isa = PBXFileReference; lastKnownFileType = text.plist.entitlements; path = "Career Endorsement Tracker.entitlements"; sourceTree = "<group>"; };
		FAE9606E230F1C89006E7467 /* OneSignalNotificationServiceExtension.entitlements */ = {isa = PBXFileReference; lastKnownFileType = text.plist.entitlements; path = OneSignalNotificationServiceExtension.entitlements; sourceTree = "<group>"; };
		FAEC2D1223281615007AC7BA /* CircularProgress.swift */ = {isa = PBXFileReference; lastKnownFileType = sourcecode.swift; path = CircularProgress.swift; sourceTree = "<group>"; };
/* End PBXFileReference section */

/* Begin PBXFrameworksBuildPhase section */
		3738EC4E23061D800083158B /* Frameworks */ = {
			isa = PBXFrameworksBuildPhase;
			buildActionMask = 2147483647;
			files = (
				F5C978521B4225F34E901EDF /* Pods_Career_Endorsement_Tracker.framework in Frameworks */,
			);
			runOnlyForDeploymentPostprocessing = 0;
		};
/* End PBXFrameworksBuildPhase section */

/* Begin PBXGroup section */
		0D45AFB23C58BBE35B56D597 /* Pods */ = {
			isa = PBXGroup;
			children = (
				50F6CA26947831D255D01E5C /* Pods-Career Endorsement Tracker.debug (development).xcconfig */,
				B1FAE21CFFD093DD18A53900 /* Pods-Career Endorsement Tracker.debug (staging).xcconfig */,
				4C7423E2CB04C8BD4F08A4E0 /* Pods-Career Endorsement Tracker.debug (production).xcconfig */,
				90F2AA5C81ACE05EE50FEF3F /* Pods-Career Endorsement Tracker.release (development).xcconfig */,
				77E1E8B60F28862BB4144B51 /* Pods-Career Endorsement Tracker.release (staging).xcconfig */,
				825D607A9E41509D8C72F891 /* Pods-Career Endorsement Tracker.release (production).xcconfig */,
			);
			path = Pods;
			sourceTree = "<group>";
		};
		149BD9BE8F88DC6EE86A7254 /* Frameworks */ = {
			isa = PBXGroup;
			children = (
				7FD2B826C8A33A4E413634C0 /* Pods_Career_Endorsement_Tracker.framework */,
			);
			name = Frameworks;
			sourceTree = "<group>";
		};
		2CC78CBD23283F5A006CDFAE /* StepCell */ = {
			isa = PBXGroup;
			children = (
				2CC78CBE23283F86006CDFAE /* StepCell.swift */,
				2CC78CBF23283F86006CDFAE /* StepCell.xib */,
				2CC78CC22328ABE0006CDFAE /* ShadowView.swift */,
				2CC78CC42328AEAD006CDFAE /* VerticallyCenteredTextView.swift */,
			);
			path = StepCell;
			sourceTree = "<group>";
		};
		2CC78CCE2328D1D4006CDFAE /* Config */ = {
			isa = PBXGroup;
			children = (
				5BFE7A4323297BD8006DEA9E /* Development.xcconfig */,
				5BFE7A4523297BE2006DEA9E /* Production.xcconfig */,
				5BFE7A4623297BE2006DEA9E /* Staging.xcconfig */,
				2CC78CD72328DBFD006CDFAE /* Environment.swift */,
			);
			path = Config;
			sourceTree = "<group>";
		};
		3738EC4823061D800083158B = {
			isa = PBXGroup;
			children = (
				3738EC5323061D800083158B /* Career Endorsement Tracker */,
				570CE90F2315F30800077B72 /* Not Used */,
				FA5D9B14230F181B00DC9BC1 /* OneSignalNotificationServiceExtension */,
				3738EC5223061D800083158B /* Products */,
				0D45AFB23C58BBE35B56D597 /* Pods */,
				149BD9BE8F88DC6EE86A7254 /* Frameworks */,
			);
			sourceTree = "<group>";
		};
		3738EC5223061D800083158B /* Products */ = {
			isa = PBXGroup;
			children = (
				3738EC5123061D800083158B /* Career Endorsement Tracker.app */,
			);
			name = Products;
			sourceTree = "<group>";
		};
		3738EC5323061D800083158B /* Career Endorsement Tracker */ = {
			isa = PBXGroup;
			children = (
				2CC78CCE2328D1D4006CDFAE /* Config */,
				FAE9606D230F1AB7006E7467 /* Career Endorsement Tracker.entitlements */,
				5784F9E62307290D00C11198 /* Supporting */,
				5784F9E72307291900C11198 /* Storyboards */,
				374CB3A523186791009A8C2D /* Helpers */,
				5784F9E1230728E900C11198 /* Models */,
				5784F9E4230728FF00C11198 /* Networking  */,
				5784F9E3230728F800C11198 /* ViewControllers */,
				FABFB821232740B400B4647E /* Views */,
			);
			path = "Career Endorsement Tracker";
			sourceTree = "<group>";
		};
		374CB3A523186791009A8C2D /* Helpers */ = {
			isa = PBXGroup;
			children = (
				5784F9E92307295400C11198 /* Constants */,
			);
			path = Helpers;
			sourceTree = "<group>";
		};
		375449AF233157D400C05261 /* Fonts */ = {
			isa = PBXGroup;
			children = (
				3758984D2321BD1600363B60 /* BarlowCondensed-Black.ttf */,
				3758984F2321BD2000363B60 /* BarlowCondensed-Bold.ttf */,
				377AB69223229B240040D7CD /* BarlowCondensed-SemiBold.ttf */,
				375898512321BD2900363B60 /* BarlowCondensed-Regular.ttf */,
				375898492321BCEC00363B60 /* Lato-Bold.ttf */,
				375898532321C0EE00363B60 /* Lato-Regular.ttf */,
			);
			path = Fonts;
			sourceTree = "<group>";
		};
		570CE8FA2315CA6E00077B72 /* Signin */ = {
			isa = PBXGroup;
			children = (
				570CE9102315F32200077B72 /* WelcomeNavigationController.swift */,
				570CE9122315F37200077B72 /* WelcomeViewController.swift */,
				570CE8FB2315CA7E00077B72 /* LoginViewController.swift */,
				570CE8FF2315CA9700077B72 /* SignUpViewController.swift */,
				379D2C3F23396CB500A33496 /* RequestPasswordResetViewController.swift */,
			);
			path = Signin;
			sourceTree = "<group>";
		};
		570CE9032315D4AA00077B72 /* Home */ = {
			isa = PBXGroup;
			children = (
				FA593527232300C4003621A8 /* HomeViewController.swift */,
				57191C772320E81200542F37 /* HomeDetailTableViewController.swift */,
				57D0CE74232C307D0063D5D1 /* HomeView+Emitter.swift */,
			);
			path = Home;
			sourceTree = "<group>";
		};
		570CE90F2315F30800077B72 /* Not Used */ = {
			isa = PBXGroup;
			children = (
				3738EC66230628770083158B /* CareerEndorsementViewController.swift */,
				570CE8E623144E1600077B72 /* RequirementsTableViewCell.swift */,
			);
			path = "Not Used";
			sourceTree = "<group>";
		};
		5784F9E1230728E900C11198 /* Models */ = {
			isa = PBXGroup;
			children = (
				5784F9EC23072A1600C11198 /* CurrentUser.swift */,
				570CE9012315CAE800077B72 /* Bearer.swift */,
				570CE90A2315D59F00077B72 /* Lambda.swift */,
			);
			path = Models;
			sourceTree = "<group>";
		};
		5784F9E3230728F800C11198 /* ViewControllers */ = {
			isa = PBXGroup;
			children = (
				FACC34992335718B0092D084 /* Account */,
				FACC349123344AA60092D084 /* Support Links */,
				5798283A2333D7D100B06675 /* CoachSearch */,
				FA2B1B302331793000E9FD6D /* Resources */,
				570CE9032315D4AA00077B72 /* Home */,
				570CE8FA2315CA6E00077B72 /* Signin */,
			);
			path = ViewControllers;
			sourceTree = "<group>";
		};
		5784F9E4230728FF00C11198 /* Networking  */ = {
			isa = PBXGroup;
			children = (
				5784F9EA230729B600C11198 /* DataGetter.swift */,
				570CE8F82315CA5C00077B72 /* Server.swift */,
			);
			path = "Networking ";
			sourceTree = "<group>";
		};
		5784F9E62307290D00C11198 /* Supporting */ = {
			isa = PBXGroup;
			children = (
				3738EC5423061D800083158B /* AppDelegate.swift */,
				3738EC6023061D830083158B /* Info.plist */,
				3738EC5B23061D830083158B /* Assets.xcassets */,
				FACADFDD2316FEDE001BBE9C /* Extensions.swift */,
				57D0CE72232C2F680063D5D1 /* Emitter.swift */,
				375449AF233157D400C05261 /* Fonts */,
			);
			path = Supporting;
			sourceTree = "<group>";
		};
		5784F9E72307291900C11198 /* Storyboards */ = {
			isa = PBXGroup;
			children = (
				5784F9F023072D5600C11198 /* Welcome.storyboard */,
				3738EC5823061D800083158B /* Main.storyboard */,
				3738EC5D23061D830083158B /* LaunchScreen.storyboard */,
				FA2B1B2E233178AC00E9FD6D /* Resources.storyboard */,
				579828382333D75700B06675 /* Coaches.storyboard */,
				FA0383112336BEB600ADF1FD /* Support.storyboard */,
			);
			path = Storyboards;
			sourceTree = "<group>";
		};
		5784F9E92307295400C11198 /* Constants */ = {
			isa = PBXGroup;
			children = (
				FACC349C233577260092D084 /* CoreUserController.swift */,
				5784F9EE23072BFB00C11198 /* Config.swift */,
			);
			path = Constants;
			sourceTree = "<group>";
		};
		5798283A2333D7D100B06675 /* CoachSearch */ = {
			isa = PBXGroup;
			children = (
				5798283B2333DA2000B06675 /* CoachSearchViewController.swift */,
				FA7A178E233A8F380090D5EF /* CoachProfileTableViewController.swift */,
				FA7A1790233A8F6E0090D5EF /* CoachCalendlyViewController.swift */,
				FA7A1792233A8F8A0090D5EF /* CoachPasswordViewController.swift */,
				573A9A72233AE848006FC25C /* SearchDetailTableViewController.swift */,
			);
			path = CoachSearch;
			sourceTree = "<group>";
		};
		57D0CE76232E92020063D5D1 /* CircularProgress */ = {
			isa = PBXGroup;
			children = (
				FAEC2D1223281615007AC7BA /* CircularProgress.swift */,
				FABFB8222328121800B4647E /* CircularProgressBar.swift */,
			);
			path = CircularProgress;
			sourceTree = "<group>";
		};
		57D0CE77232E92270063D5D1 /* Home */ = {
			isa = PBXGroup;
			children = (
				57191C792320EDD300542F37 /* HomeDetailTableViewCell.swift */,
				570CE90D2315D6B300077B72 /* HomeCollectionViewCell.swift */,
			);
			path = Home;
			sourceTree = "<group>";
		};
		FA2B1B302331793000E9FD6D /* Resources */ = {
			isa = PBXGroup;
			children = (
				FA2B1B312331794200E9FD6D /* ResourcesViewController.swift */,
			);
			path = Resources;
			sourceTree = "<group>";
		};
		FA2B1B3323317ADE00E9FD6D /* Resources Cell */ = {
			isa = PBXGroup;
			children = (
				FA2B1B3423317B2200E9FD6D /* ResourcesTableViewCell.swift */,
				FA2B1B3523317B2200E9FD6D /* ResourcesTableViewCell.xib */,
			);
			path = "Resources Cell";
			sourceTree = "<group>";
		};
		FA5D9B14230F181B00DC9BC1 /* OneSignalNotificationServiceExtension */ = {
			isa = PBXGroup;
			children = (
				FAE9606E230F1C89006E7467 /* OneSignalNotificationServiceExtension.entitlements */,
				FA5D9B15230F181B00DC9BC1 /* NotificationService.swift */,
				FA5D9B17230F181B00DC9BC1 /* Info.plist */,
			);
			path = OneSignalNotificationServiceExtension;
			sourceTree = "<group>";
		};
		FABFB821232740B400B4647E /* Views */ = {
			isa = PBXGroup;
			children = (
				FA7A1794233AB93E0090D5EF /* CoachSearchTableViewCell.swift */,
				FACC349423344CD60092D084 /* Support Cell */,
				FA2B1B3323317ADE00E9FD6D /* Resources Cell */,
				57D0CE77232E92270063D5D1 /* Home */,
				57D0CE76232E92020063D5D1 /* CircularProgress */,
				2CC78CBD23283F5A006CDFAE /* StepCell */,
				573A9A70233ADB77006FC25C /* CoachProfileTableViewCell.swift */,
			);
			path = Views;
			sourceTree = "<group>";
		};
		FACC349123344AA60092D084 /* Support Links */ = {
			isa = PBXGroup;
			children = (
				FACC349223344AC00092D084 /* SupportViewController.swift */,
				FA0383132336C06200ADF1FD /* SupportTableViewController.swift */,
			);
			path = "Support Links";
			sourceTree = "<group>";
		};
		FACC349423344CD60092D084 /* Support Cell */ = {
			isa = PBXGroup;
			children = (
				FACC349523344CFF0092D084 /* SupportTableViewCell.swift */,
				FACC349623344CFF0092D084 /* SupportTableViewCell.xib */,
			);
			path = "Support Cell";
			sourceTree = "<group>";
		};
		FACC34992335718B0092D084 /* Account */ = {
			isa = PBXGroup;
			children = (
				FACC349A233571AC0092D084 /* AccountTableViewController.swift */,
			);
			path = Account;
			sourceTree = "<group>";
		};
/* End PBXGroup section */

/* Begin PBXNativeTarget section */
		3738EC5023061D800083158B /* Career Endorsement Tracker */ = {
			isa = PBXNativeTarget;
			buildConfigurationList = 3738EC6323061D830083158B /* Build configuration list for PBXNativeTarget "Career Endorsement Tracker" */;
			buildPhases = (
				A448F0424D91C2F506545D5F /* [CP] Check Pods Manifest.lock */,
				3738EC4D23061D800083158B /* Sources */,
				3738EC4E23061D800083158B /* Frameworks */,
				3738EC4F23061D800083158B /* Resources */,
				FA5D9B1E230F181B00DC9BC1 /* Embed App Extensions */,
				8DB3FBC07A07DB2625D1E668 /* [CP] Embed Pods Frameworks */,
			);
			buildRules = (
			);
			dependencies = (
			);
			name = "Career Endorsement Tracker";
			productName = "Career Endorsement Tracker";
			productReference = 3738EC5123061D800083158B /* Career Endorsement Tracker.app */;
			productType = "com.apple.product-type.application";
		};
/* End PBXNativeTarget section */

/* Begin PBXProject section */
		3738EC4923061D800083158B /* Project object */ = {
			isa = PBXProject;
			attributes = {
				LastSwiftUpdateCheck = 1030;
				LastUpgradeCheck = 1020;
				ORGANIZATIONNAME = "Lambda School";
				TargetAttributes = {
					3738EC5023061D800083158B = {
						CreatedOnToolsVersion = 10.2.1;
						SystemCapabilities = {
							com.apple.ApplicationGroups.iOS = {
								enabled = 1;
							};
							com.apple.BackgroundModes = {
								enabled = 1;
							};
							com.apple.Push = {
								enabled = 0;
							};
							com.apple.iCloud = {
								enabled = 0;
							};
						};
					};
				};
			};
			buildConfigurationList = 3738EC4C23061D800083158B /* Build configuration list for PBXProject "Career Endorsement Tracker" */;
			compatibilityVersion = "Xcode 9.3";
			developmentRegion = en;
			hasScannedForEncodings = 0;
			knownRegions = (
				en,
				Base,
			);
			mainGroup = 3738EC4823061D800083158B;
			productRefGroup = 3738EC5223061D800083158B /* Products */;
			projectDirPath = "";
			projectRoot = "";
			targets = (
				3738EC5023061D800083158B /* Career Endorsement Tracker */,
			);
		};
/* End PBXProject section */

/* Begin PBXResourcesBuildPhase section */
		3738EC4F23061D800083158B /* Resources */ = {
			isa = PBXResourcesBuildPhase;
			buildActionMask = 2147483647;
			files = (
				375898522321BD2900363B60 /* BarlowCondensed-Regular.ttf in Resources */,
				3738EC5F23061D830083158B /* LaunchScreen.storyboard in Resources */,
				FA0383122336BEB600ADF1FD /* Support.storyboard in Resources */,
				3758984A2321BCEC00363B60 /* Lato-Bold.ttf in Resources */,
				FACC349823344CFF0092D084 /* SupportTableViewCell.xib in Resources */,
				5784F9F123072D5600C11198 /* Welcome.storyboard in Resources */,
				5BFE7A4823297BE2006DEA9E /* Staging.xcconfig in Resources */,
				377AB69323229B240040D7CD /* BarlowCondensed-SemiBold.ttf in Resources */,
				375898542321C0EE00363B60 /* Lato-Regular.ttf in Resources */,
				5BFE7A4423297BD8006DEA9E /* Development.xcconfig in Resources */,
				375898502321BD2000363B60 /* BarlowCondensed-Bold.ttf in Resources */,
				FA2B1B3723317B2200E9FD6D /* ResourcesTableViewCell.xib in Resources */,
				579828392333D75700B06675 /* Coaches.storyboard in Resources */,
				5BFE7A4723297BE2006DEA9E /* Production.xcconfig in Resources */,
				3738EC5C23061D830083158B /* Assets.xcassets in Resources */,
				FA2B1B2F233178AC00E9FD6D /* Resources.storyboard in Resources */,
				3738EC5A23061D800083158B /* Main.storyboard in Resources */,
				3758984E2321BD1600363B60 /* BarlowCondensed-Black.ttf in Resources */,
				2CC78CC123283F86006CDFAE /* StepCell.xib in Resources */,
			);
			runOnlyForDeploymentPostprocessing = 0;
		};
/* End PBXResourcesBuildPhase section */

/* Begin PBXShellScriptBuildPhase section */
		8DB3FBC07A07DB2625D1E668 /* [CP] Embed Pods Frameworks */ = {
			isa = PBXShellScriptBuildPhase;
			buildActionMask = 2147483647;
			files = (
			);
			inputFileListPaths = (
			);
			inputPaths = (
				"${PODS_ROOT}/Target Support Files/Pods-Career Endorsement Tracker/Pods-Career Endorsement Tracker-frameworks.sh",
				"${BUILT_PRODUCTS_DIR}/JGProgressHUD/JGProgressHUD.framework",
				"${BUILT_PRODUCTS_DIR}/UICircularProgressRing/UICircularProgressRing.framework",
			);
			name = "[CP] Embed Pods Frameworks";
			outputFileListPaths = (
			);
			outputPaths = (
				"${TARGET_BUILD_DIR}/${FRAMEWORKS_FOLDER_PATH}/JGProgressHUD.framework",
				"${TARGET_BUILD_DIR}/${FRAMEWORKS_FOLDER_PATH}/UICircularProgressRing.framework",
			);
			runOnlyForDeploymentPostprocessing = 0;
			shellPath = /bin/sh;
			shellScript = "\"${PODS_ROOT}/Target Support Files/Pods-Career Endorsement Tracker/Pods-Career Endorsement Tracker-frameworks.sh\"\n";
			showEnvVarsInLog = 0;
		};
		A448F0424D91C2F506545D5F /* [CP] Check Pods Manifest.lock */ = {
			isa = PBXShellScriptBuildPhase;
			buildActionMask = 2147483647;
			files = (
			);
			inputFileListPaths = (
			);
			inputPaths = (
				"${PODS_PODFILE_DIR_PATH}/Podfile.lock",
				"${PODS_ROOT}/Manifest.lock",
			);
			name = "[CP] Check Pods Manifest.lock";
			outputFileListPaths = (
			);
			outputPaths = (
				"$(DERIVED_FILE_DIR)/Pods-Career Endorsement Tracker-checkManifestLockResult.txt",
			);
			runOnlyForDeploymentPostprocessing = 0;
			shellPath = /bin/sh;
			shellScript = "diff \"${PODS_PODFILE_DIR_PATH}/Podfile.lock\" \"${PODS_ROOT}/Manifest.lock\" > /dev/null\nif [ $? != 0 ] ; then\n    # print error to STDERR\n    echo \"error: The sandbox is not in sync with the Podfile.lock. Run 'pod install' or update your CocoaPods installation.\" >&2\n    exit 1\nfi\n# This output is used by Xcode 'outputs' to avoid re-running this script phase.\necho \"SUCCESS\" > \"${SCRIPT_OUTPUT_FILE_0}\"\n";
			showEnvVarsInLog = 0;
		};
/* End PBXShellScriptBuildPhase section */

/* Begin PBXSourcesBuildPhase section */
		3738EC4D23061D800083158B /* Sources */ = {
			isa = PBXSourcesBuildPhase;
			buildActionMask = 2147483647;
			files = (
				570CE9022315CAE800077B72 /* Bearer.swift in Sources */,
				57191C782320E81200542F37 /* HomeDetailTableViewController.swift in Sources */,
				57D0CE75232C307D0063D5D1 /* HomeView+Emitter.swift in Sources */,
				2CC78CC52328AEAD006CDFAE /* VerticallyCenteredTextView.swift in Sources */,
				FAEC2D1323281615007AC7BA /* CircularProgress.swift in Sources */,
				57191C7A2320EDD300542F37 /* HomeDetailTableViewCell.swift in Sources */,
				FACC349D233577260092D084 /* CoreUserController.swift in Sources */,
				570CE9132315F37200077B72 /* WelcomeViewController.swift in Sources */,
				FA7A1795233AB93E0090D5EF /* CoachSearchTableViewCell.swift in Sources */,
				5784F9EB230729B600C11198 /* DataGetter.swift in Sources */,
				FACC349323344AC00092D084 /* SupportViewController.swift in Sources */,
				2CC78CC32328ABE0006CDFAE /* ShadowView.swift in Sources */,
				570CE90E2315D6B300077B72 /* HomeCollectionViewCell.swift in Sources */,
				570CE9002315CA9700077B72 /* SignUpViewController.swift in Sources */,
				570CE8FC2315CA7E00077B72 /* LoginViewController.swift in Sources */,
				3738EC5523061D800083158B /* AppDelegate.swift in Sources */,
				570CE8E723144E1700077B72 /* RequirementsTableViewCell.swift in Sources */,
				57D0CE73232C2F680063D5D1 /* Emitter.swift in Sources */,
				FACADFDE2316FEDE001BBE9C /* Extensions.swift in Sources */,
				379D2C4023396CB500A33496 /* RequestPasswordResetViewController.swift in Sources */,
				573A9A71233ADB77006FC25C /* CoachProfileTableViewCell.swift in Sources */,
				FA593528232300C4003621A8 /* HomeViewController.swift in Sources */,
				FA2B1B3623317B2200E9FD6D /* ResourcesTableViewCell.swift in Sources */,
				5784F9EF23072BFB00C11198 /* Config.swift in Sources */,
				FABFB8232328121800B4647E /* CircularProgressBar.swift in Sources */,
				2CC78CC023283F86006CDFAE /* StepCell.swift in Sources */,
				5784F9ED23072A1600C11198 /* CurrentUser.swift in Sources */,
				5798283C2333DA2000B06675 /* CoachSearchViewController.swift in Sources */,
				3738EC67230628770083158B /* CareerEndorsementViewController.swift in Sources */,
				FA0383142336C06200ADF1FD /* SupportTableViewController.swift in Sources */,
				570CE90B2315D59F00077B72 /* Lambda.swift in Sources */,
				2CC78CD82328DBFD006CDFAE /* Environment.swift in Sources */,
				FA7A178F233A8F380090D5EF /* CoachProfileTableViewController.swift in Sources */,
				FA2B1B322331794200E9FD6D /* ResourcesViewController.swift in Sources */,
				573A9A73233AE848006FC25C /* SearchDetailTableViewController.swift in Sources */,
				570CE8F92315CA5C00077B72 /* Server.swift in Sources */,
				570CE9112315F32200077B72 /* WelcomeNavigationController.swift in Sources */,
				FA7A1793233A8F8A0090D5EF /* CoachPasswordViewController.swift in Sources */,
				FACC349B233571AC0092D084 /* AccountTableViewController.swift in Sources */,
				FACC349723344CFF0092D084 /* SupportTableViewCell.swift in Sources */,
				FA7A1791233A8F6E0090D5EF /* CoachCalendlyViewController.swift in Sources */,
			);
			runOnlyForDeploymentPostprocessing = 0;
		};
/* End PBXSourcesBuildPhase section */

/* Begin PBXVariantGroup section */
		3738EC5823061D800083158B /* Main.storyboard */ = {
			isa = PBXVariantGroup;
			children = (
				3738EC5923061D800083158B /* Base */,
			);
			name = Main.storyboard;
			sourceTree = "<group>";
		};
		3738EC5D23061D830083158B /* LaunchScreen.storyboard */ = {
			isa = PBXVariantGroup;
			children = (
				3738EC5E23061D830083158B /* Base */,
			);
			name = LaunchScreen.storyboard;
			sourceTree = "<group>";
		};
/* End PBXVariantGroup section */

/* Begin XCBuildConfiguration section */
		2CC78CC62328D07B006CDFAE /* Debug (Staging) */ = {
			isa = XCBuildConfiguration;
			baseConfigurationReference = 5BFE7A4623297BE2006DEA9E /* Staging.xcconfig */;
			buildSettings = {
				ALWAYS_SEARCH_USER_PATHS = NO;
				CLANG_ANALYZER_NONNULL = YES;
				CLANG_ANALYZER_NUMBER_OBJECT_CONVERSION = YES_AGGRESSIVE;
				CLANG_CXX_LANGUAGE_STANDARD = "gnu++14";
				CLANG_CXX_LIBRARY = "libc++";
				CLANG_ENABLE_MODULES = YES;
				CLANG_ENABLE_OBJC_ARC = YES;
				CLANG_ENABLE_OBJC_WEAK = YES;
				CLANG_WARN_BLOCK_CAPTURE_AUTORELEASING = YES;
				CLANG_WARN_BOOL_CONVERSION = YES;
				CLANG_WARN_COMMA = YES;
				CLANG_WARN_CONSTANT_CONVERSION = YES;
				CLANG_WARN_DEPRECATED_OBJC_IMPLEMENTATIONS = YES;
				CLANG_WARN_DIRECT_OBJC_ISA_USAGE = YES_ERROR;
				CLANG_WARN_DOCUMENTATION_COMMENTS = YES;
				CLANG_WARN_EMPTY_BODY = YES;
				CLANG_WARN_ENUM_CONVERSION = YES;
				CLANG_WARN_INFINITE_RECURSION = YES;
				CLANG_WARN_INT_CONVERSION = YES;
				CLANG_WARN_NON_LITERAL_NULL_CONVERSION = YES;
				CLANG_WARN_OBJC_IMPLICIT_RETAIN_SELF = YES;
				CLANG_WARN_OBJC_LITERAL_CONVERSION = YES;
				CLANG_WARN_OBJC_ROOT_CLASS = YES_ERROR;
				CLANG_WARN_RANGE_LOOP_ANALYSIS = YES;
				CLANG_WARN_STRICT_PROTOTYPES = YES;
				CLANG_WARN_SUSPICIOUS_MOVE = YES;
				CLANG_WARN_UNGUARDED_AVAILABILITY = YES_AGGRESSIVE;
				CLANG_WARN_UNREACHABLE_CODE = YES;
				CLANG_WARN__DUPLICATE_METHOD_MATCH = YES;
				CODE_SIGN_IDENTITY = "iPhone Developer";
				COPY_PHASE_STRIP = NO;
				DEBUG_INFORMATION_FORMAT = dwarf;
				ENABLE_STRICT_OBJC_MSGSEND = YES;
				ENABLE_TESTABILITY = YES;
				GCC_C_LANGUAGE_STANDARD = gnu11;
				GCC_DYNAMIC_NO_PIC = NO;
				GCC_NO_COMMON_BLOCKS = YES;
				GCC_OPTIMIZATION_LEVEL = 0;
				GCC_PREPROCESSOR_DEFINITIONS = (
					"DEBUG=1",
					"$(inherited)",
				);
				GCC_WARN_64_TO_32_BIT_CONVERSION = YES;
				GCC_WARN_ABOUT_RETURN_TYPE = YES_ERROR;
				GCC_WARN_UNDECLARED_SELECTOR = YES;
				GCC_WARN_UNINITIALIZED_AUTOS = YES_AGGRESSIVE;
				GCC_WARN_UNUSED_FUNCTION = YES;
				GCC_WARN_UNUSED_VARIABLE = YES;
				IPHONEOS_DEPLOYMENT_TARGET = 12.2;
				MTL_ENABLE_DEBUG_INFO = INCLUDE_SOURCE;
				MTL_FAST_MATH = YES;
				ONLY_ACTIVE_ARCH = YES;
				SDKROOT = iphoneos;
				SWIFT_ACTIVE_COMPILATION_CONDITIONS = DEBUG;
				SWIFT_OPTIMIZATION_LEVEL = "-Onone";
			};
			name = "Debug (Staging)";
		};
		2CC78CC72328D07B006CDFAE /* Debug (Staging) */ = {
			isa = XCBuildConfiguration;
			baseConfigurationReference = 5BFE7A4623297BE2006DEA9E /* Staging.xcconfig */;
			buildSettings = {
				ALWAYS_EMBED_SWIFT_STANDARD_LIBRARIES = YES;
				ASSETCATALOG_COMPILER_APPICON_NAME = AppIcon;
				CODE_SIGN_ENTITLEMENTS = "Career Endorsement Tracker/Career Endorsement Tracker.entitlements";
				CODE_SIGN_STYLE = Automatic;
				DEVELOPMENT_TEAM = VXUQXR6S56;
				INFOPLIST_FILE = "Career Endorsement Tracker/Supporting/Info.plist";
				LD_RUNPATH_SEARCH_PATHS = (
					"$(inherited)",
					"@executable_path/Frameworks",
				);
				PRODUCT_BUNDLE_IDENTIFIER = "com.endrsd.Career-Endorsement-Tracker";
				PRODUCT_NAME = "$(TARGET_NAME)";
				SWIFT_VERSION = 5.0;
				TARGETED_DEVICE_FAMILY = "1,2";
			};
			name = "Debug (Staging)";
		};
		2CC78CC82328D086006CDFAE /* Debug (Production) */ = {
			isa = XCBuildConfiguration;
			baseConfigurationReference = 5BFE7A4523297BE2006DEA9E /* Production.xcconfig */;
			buildSettings = {
				ALWAYS_SEARCH_USER_PATHS = NO;
				CLANG_ANALYZER_NONNULL = YES;
				CLANG_ANALYZER_NUMBER_OBJECT_CONVERSION = YES_AGGRESSIVE;
				CLANG_CXX_LANGUAGE_STANDARD = "gnu++14";
				CLANG_CXX_LIBRARY = "libc++";
				CLANG_ENABLE_MODULES = YES;
				CLANG_ENABLE_OBJC_ARC = YES;
				CLANG_ENABLE_OBJC_WEAK = YES;
				CLANG_WARN_BLOCK_CAPTURE_AUTORELEASING = YES;
				CLANG_WARN_BOOL_CONVERSION = YES;
				CLANG_WARN_COMMA = YES;
				CLANG_WARN_CONSTANT_CONVERSION = YES;
				CLANG_WARN_DEPRECATED_OBJC_IMPLEMENTATIONS = YES;
				CLANG_WARN_DIRECT_OBJC_ISA_USAGE = YES_ERROR;
				CLANG_WARN_DOCUMENTATION_COMMENTS = YES;
				CLANG_WARN_EMPTY_BODY = YES;
				CLANG_WARN_ENUM_CONVERSION = YES;
				CLANG_WARN_INFINITE_RECURSION = YES;
				CLANG_WARN_INT_CONVERSION = YES;
				CLANG_WARN_NON_LITERAL_NULL_CONVERSION = YES;
				CLANG_WARN_OBJC_IMPLICIT_RETAIN_SELF = YES;
				CLANG_WARN_OBJC_LITERAL_CONVERSION = YES;
				CLANG_WARN_OBJC_ROOT_CLASS = YES_ERROR;
				CLANG_WARN_RANGE_LOOP_ANALYSIS = YES;
				CLANG_WARN_STRICT_PROTOTYPES = YES;
				CLANG_WARN_SUSPICIOUS_MOVE = YES;
				CLANG_WARN_UNGUARDED_AVAILABILITY = YES_AGGRESSIVE;
				CLANG_WARN_UNREACHABLE_CODE = YES;
				CLANG_WARN__DUPLICATE_METHOD_MATCH = YES;
				CODE_SIGN_IDENTITY = "iPhone Developer";
				COPY_PHASE_STRIP = NO;
				DEBUG_INFORMATION_FORMAT = dwarf;
				ENABLE_STRICT_OBJC_MSGSEND = YES;
				ENABLE_TESTABILITY = YES;
				GCC_C_LANGUAGE_STANDARD = gnu11;
				GCC_DYNAMIC_NO_PIC = NO;
				GCC_NO_COMMON_BLOCKS = YES;
				GCC_OPTIMIZATION_LEVEL = 0;
				GCC_PREPROCESSOR_DEFINITIONS = (
					"DEBUG=1",
					"$(inherited)",
				);
				GCC_WARN_64_TO_32_BIT_CONVERSION = YES;
				GCC_WARN_ABOUT_RETURN_TYPE = YES_ERROR;
				GCC_WARN_UNDECLARED_SELECTOR = YES;
				GCC_WARN_UNINITIALIZED_AUTOS = YES_AGGRESSIVE;
				GCC_WARN_UNUSED_FUNCTION = YES;
				GCC_WARN_UNUSED_VARIABLE = YES;
				IPHONEOS_DEPLOYMENT_TARGET = 12.2;
				MTL_ENABLE_DEBUG_INFO = INCLUDE_SOURCE;
				MTL_FAST_MATH = YES;
				ONLY_ACTIVE_ARCH = YES;
				SDKROOT = iphoneos;
				SWIFT_ACTIVE_COMPILATION_CONDITIONS = DEBUG;
				SWIFT_OPTIMIZATION_LEVEL = "-Onone";
			};
			name = "Debug (Production)";
		};
		2CC78CC92328D086006CDFAE /* Debug (Production) */ = {
			isa = XCBuildConfiguration;
			baseConfigurationReference = 5BFE7A4523297BE2006DEA9E /* Production.xcconfig */;
			buildSettings = {
				ALWAYS_EMBED_SWIFT_STANDARD_LIBRARIES = YES;
				ASSETCATALOG_COMPILER_APPICON_NAME = AppIcon;
				CODE_SIGN_ENTITLEMENTS = "Career Endorsement Tracker/Career Endorsement Tracker.entitlements";
				CODE_SIGN_STYLE = Automatic;
				DEVELOPMENT_TEAM = VXUQXR6S56;
				INFOPLIST_FILE = "Career Endorsement Tracker/Supporting/Info.plist";
				LD_RUNPATH_SEARCH_PATHS = (
					"$(inherited)",
					"@executable_path/Frameworks",
				);
				PRODUCT_BUNDLE_IDENTIFIER = "com.endrsd.Career-Endorsement-Tracker";
				PRODUCT_NAME = "$(TARGET_NAME)";
				SWIFT_VERSION = 5.0;
				TARGETED_DEVICE_FAMILY = "1,2";
			};
			name = "Debug (Production)";
		};
		2CC78CCA2328D091006CDFAE /* Release (Staging) */ = {
			isa = XCBuildConfiguration;
			baseConfigurationReference = 5BFE7A4623297BE2006DEA9E /* Staging.xcconfig */;
			buildSettings = {
				ALWAYS_SEARCH_USER_PATHS = NO;
				CLANG_ANALYZER_NONNULL = YES;
				CLANG_ANALYZER_NUMBER_OBJECT_CONVERSION = YES_AGGRESSIVE;
				CLANG_CXX_LANGUAGE_STANDARD = "gnu++14";
				CLANG_CXX_LIBRARY = "libc++";
				CLANG_ENABLE_MODULES = YES;
				CLANG_ENABLE_OBJC_ARC = YES;
				CLANG_ENABLE_OBJC_WEAK = YES;
				CLANG_WARN_BLOCK_CAPTURE_AUTORELEASING = YES;
				CLANG_WARN_BOOL_CONVERSION = YES;
				CLANG_WARN_COMMA = YES;
				CLANG_WARN_CONSTANT_CONVERSION = YES;
				CLANG_WARN_DEPRECATED_OBJC_IMPLEMENTATIONS = YES;
				CLANG_WARN_DIRECT_OBJC_ISA_USAGE = YES_ERROR;
				CLANG_WARN_DOCUMENTATION_COMMENTS = YES;
				CLANG_WARN_EMPTY_BODY = YES;
				CLANG_WARN_ENUM_CONVERSION = YES;
				CLANG_WARN_INFINITE_RECURSION = YES;
				CLANG_WARN_INT_CONVERSION = YES;
				CLANG_WARN_NON_LITERAL_NULL_CONVERSION = YES;
				CLANG_WARN_OBJC_IMPLICIT_RETAIN_SELF = YES;
				CLANG_WARN_OBJC_LITERAL_CONVERSION = YES;
				CLANG_WARN_OBJC_ROOT_CLASS = YES_ERROR;
				CLANG_WARN_RANGE_LOOP_ANALYSIS = YES;
				CLANG_WARN_STRICT_PROTOTYPES = YES;
				CLANG_WARN_SUSPICIOUS_MOVE = YES;
				CLANG_WARN_UNGUARDED_AVAILABILITY = YES_AGGRESSIVE;
				CLANG_WARN_UNREACHABLE_CODE = YES;
				CLANG_WARN__DUPLICATE_METHOD_MATCH = YES;
				CODE_SIGN_IDENTITY = "iPhone Developer";
				COPY_PHASE_STRIP = NO;
				DEBUG_INFORMATION_FORMAT = "dwarf-with-dsym";
				ENABLE_NS_ASSERTIONS = NO;
				ENABLE_STRICT_OBJC_MSGSEND = YES;
				GCC_C_LANGUAGE_STANDARD = gnu11;
				GCC_NO_COMMON_BLOCKS = YES;
				GCC_WARN_64_TO_32_BIT_CONVERSION = YES;
				GCC_WARN_ABOUT_RETURN_TYPE = YES_ERROR;
				GCC_WARN_UNDECLARED_SELECTOR = YES;
				GCC_WARN_UNINITIALIZED_AUTOS = YES_AGGRESSIVE;
				GCC_WARN_UNUSED_FUNCTION = YES;
				GCC_WARN_UNUSED_VARIABLE = YES;
				IPHONEOS_DEPLOYMENT_TARGET = 12.2;
				MTL_ENABLE_DEBUG_INFO = NO;
				MTL_FAST_MATH = YES;
				SDKROOT = iphoneos;
				SWIFT_COMPILATION_MODE = wholemodule;
				SWIFT_OPTIMIZATION_LEVEL = "-O";
				VALIDATE_PRODUCT = YES;
			};
			name = "Release (Staging)";
		};
		2CC78CCB2328D091006CDFAE /* Release (Staging) */ = {
			isa = XCBuildConfiguration;
			baseConfigurationReference = 5BFE7A4623297BE2006DEA9E /* Staging.xcconfig */;
			buildSettings = {
				ALWAYS_EMBED_SWIFT_STANDARD_LIBRARIES = YES;
				ASSETCATALOG_COMPILER_APPICON_NAME = AppIcon;
				CODE_SIGN_ENTITLEMENTS = "Career Endorsement Tracker/Career Endorsement Tracker.entitlements";
				CODE_SIGN_STYLE = Automatic;
				DEVELOPMENT_TEAM = VXUQXR6S56;
				INFOPLIST_FILE = "Career Endorsement Tracker/Supporting/Info.plist";
				LD_RUNPATH_SEARCH_PATHS = (
					"$(inherited)",
					"@executable_path/Frameworks",
				);
				PRODUCT_BUNDLE_IDENTIFIER = "com.endrsd.Career-Endorsement-Tracker";
				PRODUCT_NAME = "$(TARGET_NAME)";
				SWIFT_VERSION = 5.0;
				TARGETED_DEVICE_FAMILY = "1,2";
			};
			name = "Release (Staging)";
		};
		2CC78CCC2328D09E006CDFAE /* Release (Production) */ = {
			isa = XCBuildConfiguration;
			baseConfigurationReference = 5BFE7A4523297BE2006DEA9E /* Production.xcconfig */;
			buildSettings = {
				ALWAYS_SEARCH_USER_PATHS = NO;
				CLANG_ANALYZER_NONNULL = YES;
				CLANG_ANALYZER_NUMBER_OBJECT_CONVERSION = YES_AGGRESSIVE;
				CLANG_CXX_LANGUAGE_STANDARD = "gnu++14";
				CLANG_CXX_LIBRARY = "libc++";
				CLANG_ENABLE_MODULES = YES;
				CLANG_ENABLE_OBJC_ARC = YES;
				CLANG_ENABLE_OBJC_WEAK = YES;
				CLANG_WARN_BLOCK_CAPTURE_AUTORELEASING = YES;
				CLANG_WARN_BOOL_CONVERSION = YES;
				CLANG_WARN_COMMA = YES;
				CLANG_WARN_CONSTANT_CONVERSION = YES;
				CLANG_WARN_DEPRECATED_OBJC_IMPLEMENTATIONS = YES;
				CLANG_WARN_DIRECT_OBJC_ISA_USAGE = YES_ERROR;
				CLANG_WARN_DOCUMENTATION_COMMENTS = YES;
				CLANG_WARN_EMPTY_BODY = YES;
				CLANG_WARN_ENUM_CONVERSION = YES;
				CLANG_WARN_INFINITE_RECURSION = YES;
				CLANG_WARN_INT_CONVERSION = YES;
				CLANG_WARN_NON_LITERAL_NULL_CONVERSION = YES;
				CLANG_WARN_OBJC_IMPLICIT_RETAIN_SELF = YES;
				CLANG_WARN_OBJC_LITERAL_CONVERSION = YES;
				CLANG_WARN_OBJC_ROOT_CLASS = YES_ERROR;
				CLANG_WARN_RANGE_LOOP_ANALYSIS = YES;
				CLANG_WARN_STRICT_PROTOTYPES = YES;
				CLANG_WARN_SUSPICIOUS_MOVE = YES;
				CLANG_WARN_UNGUARDED_AVAILABILITY = YES_AGGRESSIVE;
				CLANG_WARN_UNREACHABLE_CODE = YES;
				CLANG_WARN__DUPLICATE_METHOD_MATCH = YES;
				CODE_SIGN_IDENTITY = "iPhone Developer";
				COPY_PHASE_STRIP = NO;
				DEBUG_INFORMATION_FORMAT = "dwarf-with-dsym";
				ENABLE_NS_ASSERTIONS = NO;
				ENABLE_STRICT_OBJC_MSGSEND = YES;
				GCC_C_LANGUAGE_STANDARD = gnu11;
				GCC_NO_COMMON_BLOCKS = YES;
				GCC_WARN_64_TO_32_BIT_CONVERSION = YES;
				GCC_WARN_ABOUT_RETURN_TYPE = YES_ERROR;
				GCC_WARN_UNDECLARED_SELECTOR = YES;
				GCC_WARN_UNINITIALIZED_AUTOS = YES_AGGRESSIVE;
				GCC_WARN_UNUSED_FUNCTION = YES;
				GCC_WARN_UNUSED_VARIABLE = YES;
				IPHONEOS_DEPLOYMENT_TARGET = 12.2;
				MTL_ENABLE_DEBUG_INFO = NO;
				MTL_FAST_MATH = YES;
				SDKROOT = iphoneos;
				SWIFT_COMPILATION_MODE = wholemodule;
				SWIFT_OPTIMIZATION_LEVEL = "-O";
				VALIDATE_PRODUCT = YES;
			};
			name = "Release (Production)";
		};
		2CC78CCD2328D09E006CDFAE /* Release (Production) */ = {
			isa = XCBuildConfiguration;
			baseConfigurationReference = 5BFE7A4523297BE2006DEA9E /* Production.xcconfig */;
			buildSettings = {
				ALWAYS_EMBED_SWIFT_STANDARD_LIBRARIES = YES;
				ASSETCATALOG_COMPILER_APPICON_NAME = AppIcon;
				CODE_SIGN_ENTITLEMENTS = "Career Endorsement Tracker/Career Endorsement Tracker.entitlements";
				CODE_SIGN_STYLE = Automatic;
				DEVELOPMENT_TEAM = VXUQXR6S56;
				INFOPLIST_FILE = "Career Endorsement Tracker/Supporting/Info.plist";
				LD_RUNPATH_SEARCH_PATHS = (
					"$(inherited)",
					"@executable_path/Frameworks",
				);
				PRODUCT_BUNDLE_IDENTIFIER = "com.endrsd.Career-Endorsement-Tracker";
				PRODUCT_NAME = "$(TARGET_NAME)";
				SWIFT_VERSION = 5.0;
				TARGETED_DEVICE_FAMILY = "1,2";
			};
			name = "Release (Production)";
		};
		3738EC6123061D830083158B /* Debug (Development) */ = {
			isa = XCBuildConfiguration;
			baseConfigurationReference = 5BFE7A4323297BD8006DEA9E /* Development.xcconfig */;
			buildSettings = {
				ALWAYS_SEARCH_USER_PATHS = NO;
				CLANG_ANALYZER_NONNULL = YES;
				CLANG_ANALYZER_NUMBER_OBJECT_CONVERSION = YES_AGGRESSIVE;
				CLANG_CXX_LANGUAGE_STANDARD = "gnu++14";
				CLANG_CXX_LIBRARY = "libc++";
				CLANG_ENABLE_MODULES = YES;
				CLANG_ENABLE_OBJC_ARC = YES;
				CLANG_ENABLE_OBJC_WEAK = YES;
				CLANG_WARN_BLOCK_CAPTURE_AUTORELEASING = YES;
				CLANG_WARN_BOOL_CONVERSION = YES;
				CLANG_WARN_COMMA = YES;
				CLANG_WARN_CONSTANT_CONVERSION = YES;
				CLANG_WARN_DEPRECATED_OBJC_IMPLEMENTATIONS = YES;
				CLANG_WARN_DIRECT_OBJC_ISA_USAGE = YES_ERROR;
				CLANG_WARN_DOCUMENTATION_COMMENTS = YES;
				CLANG_WARN_EMPTY_BODY = YES;
				CLANG_WARN_ENUM_CONVERSION = YES;
				CLANG_WARN_INFINITE_RECURSION = YES;
				CLANG_WARN_INT_CONVERSION = YES;
				CLANG_WARN_NON_LITERAL_NULL_CONVERSION = YES;
				CLANG_WARN_OBJC_IMPLICIT_RETAIN_SELF = YES;
				CLANG_WARN_OBJC_LITERAL_CONVERSION = YES;
				CLANG_WARN_OBJC_ROOT_CLASS = YES_ERROR;
				CLANG_WARN_RANGE_LOOP_ANALYSIS = YES;
				CLANG_WARN_STRICT_PROTOTYPES = YES;
				CLANG_WARN_SUSPICIOUS_MOVE = YES;
				CLANG_WARN_UNGUARDED_AVAILABILITY = YES_AGGRESSIVE;
				CLANG_WARN_UNREACHABLE_CODE = YES;
				CLANG_WARN__DUPLICATE_METHOD_MATCH = YES;
				CODE_SIGN_IDENTITY = "iPhone Developer";
				COPY_PHASE_STRIP = NO;
				DEBUG_INFORMATION_FORMAT = dwarf;
				ENABLE_STRICT_OBJC_MSGSEND = YES;
				ENABLE_TESTABILITY = YES;
				GCC_C_LANGUAGE_STANDARD = gnu11;
				GCC_DYNAMIC_NO_PIC = NO;
				GCC_NO_COMMON_BLOCKS = YES;
				GCC_OPTIMIZATION_LEVEL = 0;
				GCC_PREPROCESSOR_DEFINITIONS = (
					"DEBUG=1",
					"$(inherited)",
				);
				GCC_WARN_64_TO_32_BIT_CONVERSION = YES;
				GCC_WARN_ABOUT_RETURN_TYPE = YES_ERROR;
				GCC_WARN_UNDECLARED_SELECTOR = YES;
				GCC_WARN_UNINITIALIZED_AUTOS = YES_AGGRESSIVE;
				GCC_WARN_UNUSED_FUNCTION = YES;
				GCC_WARN_UNUSED_VARIABLE = YES;
				IPHONEOS_DEPLOYMENT_TARGET = 12.2;
				MTL_ENABLE_DEBUG_INFO = INCLUDE_SOURCE;
				MTL_FAST_MATH = YES;
				ONLY_ACTIVE_ARCH = YES;
				SDKROOT = iphoneos;
				SWIFT_ACTIVE_COMPILATION_CONDITIONS = DEBUG;
				SWIFT_OPTIMIZATION_LEVEL = "-Onone";
			};
			name = "Debug (Development)";
		};
		3738EC6223061D830083158B /* Release (Development) */ = {
			isa = XCBuildConfiguration;
			baseConfigurationReference = 5BFE7A4323297BD8006DEA9E /* Development.xcconfig */;
			buildSettings = {
				ALWAYS_SEARCH_USER_PATHS = NO;
				CLANG_ANALYZER_NONNULL = YES;
				CLANG_ANALYZER_NUMBER_OBJECT_CONVERSION = YES_AGGRESSIVE;
				CLANG_CXX_LANGUAGE_STANDARD = "gnu++14";
				CLANG_CXX_LIBRARY = "libc++";
				CLANG_ENABLE_MODULES = YES;
				CLANG_ENABLE_OBJC_ARC = YES;
				CLANG_ENABLE_OBJC_WEAK = YES;
				CLANG_WARN_BLOCK_CAPTURE_AUTORELEASING = YES;
				CLANG_WARN_BOOL_CONVERSION = YES;
				CLANG_WARN_COMMA = YES;
				CLANG_WARN_CONSTANT_CONVERSION = YES;
				CLANG_WARN_DEPRECATED_OBJC_IMPLEMENTATIONS = YES;
				CLANG_WARN_DIRECT_OBJC_ISA_USAGE = YES_ERROR;
				CLANG_WARN_DOCUMENTATION_COMMENTS = YES;
				CLANG_WARN_EMPTY_BODY = YES;
				CLANG_WARN_ENUM_CONVERSION = YES;
				CLANG_WARN_INFINITE_RECURSION = YES;
				CLANG_WARN_INT_CONVERSION = YES;
				CLANG_WARN_NON_LITERAL_NULL_CONVERSION = YES;
				CLANG_WARN_OBJC_IMPLICIT_RETAIN_SELF = YES;
				CLANG_WARN_OBJC_LITERAL_CONVERSION = YES;
				CLANG_WARN_OBJC_ROOT_CLASS = YES_ERROR;
				CLANG_WARN_RANGE_LOOP_ANALYSIS = YES;
				CLANG_WARN_STRICT_PROTOTYPES = YES;
				CLANG_WARN_SUSPICIOUS_MOVE = YES;
				CLANG_WARN_UNGUARDED_AVAILABILITY = YES_AGGRESSIVE;
				CLANG_WARN_UNREACHABLE_CODE = YES;
				CLANG_WARN__DUPLICATE_METHOD_MATCH = YES;
				CODE_SIGN_IDENTITY = "iPhone Developer";
				COPY_PHASE_STRIP = NO;
				DEBUG_INFORMATION_FORMAT = "dwarf-with-dsym";
				ENABLE_NS_ASSERTIONS = NO;
				ENABLE_STRICT_OBJC_MSGSEND = YES;
				GCC_C_LANGUAGE_STANDARD = gnu11;
				GCC_NO_COMMON_BLOCKS = YES;
				GCC_WARN_64_TO_32_BIT_CONVERSION = YES;
				GCC_WARN_ABOUT_RETURN_TYPE = YES_ERROR;
				GCC_WARN_UNDECLARED_SELECTOR = YES;
				GCC_WARN_UNINITIALIZED_AUTOS = YES_AGGRESSIVE;
				GCC_WARN_UNUSED_FUNCTION = YES;
				GCC_WARN_UNUSED_VARIABLE = YES;
				IPHONEOS_DEPLOYMENT_TARGET = 12.2;
				MTL_ENABLE_DEBUG_INFO = NO;
				MTL_FAST_MATH = YES;
				SDKROOT = iphoneos;
				SWIFT_COMPILATION_MODE = wholemodule;
				SWIFT_OPTIMIZATION_LEVEL = "-O";
				VALIDATE_PRODUCT = YES;
			};
			name = "Release (Development)";
		};
		3738EC6423061D830083158B /* Debug (Development) */ = {
			isa = XCBuildConfiguration;
			baseConfigurationReference = 5BFE7A4323297BD8006DEA9E /* Development.xcconfig */;
			buildSettings = {
				ALWAYS_EMBED_SWIFT_STANDARD_LIBRARIES = YES;
				ASSETCATALOG_COMPILER_APPICON_NAME = AppIcon;
				CODE_SIGN_ENTITLEMENTS = "Career Endorsement Tracker/Career Endorsement Tracker.entitlements";
				CODE_SIGN_STYLE = Automatic;
				DEVELOPMENT_TEAM = VXUQXR6S56;
				INFOPLIST_FILE = "Career Endorsement Tracker/Supporting/Info.plist";
				LD_RUNPATH_SEARCH_PATHS = (
					"$(inherited)",
					"@executable_path/Frameworks",
				);
				PRODUCT_BUNDLE_IDENTIFIER = "com.endrsd.Career-Endorsement-Tracker";
				PRODUCT_NAME = "$(TARGET_NAME)";
				SWIFT_VERSION = 5.0;
				TARGETED_DEVICE_FAMILY = "1,2";
			};
			name = "Debug (Development)";
		};
		3738EC6523061D830083158B /* Release (Development) */ = {
			isa = XCBuildConfiguration;
			baseConfigurationReference = 5BFE7A4323297BD8006DEA9E /* Development.xcconfig */;
			buildSettings = {
				ALWAYS_EMBED_SWIFT_STANDARD_LIBRARIES = YES;
				ASSETCATALOG_COMPILER_APPICON_NAME = AppIcon;
				CODE_SIGN_ENTITLEMENTS = "Career Endorsement Tracker/Career Endorsement Tracker.entitlements";
				CODE_SIGN_STYLE = Automatic;
				DEVELOPMENT_TEAM = VXUQXR6S56;
				INFOPLIST_FILE = "Career Endorsement Tracker/Supporting/Info.plist";
				LD_RUNPATH_SEARCH_PATHS = (
					"$(inherited)",
					"@executable_path/Frameworks",
				);
				PRODUCT_BUNDLE_IDENTIFIER = "com.endrsd.Career-Endorsement-Tracker";
				PRODUCT_NAME = "$(TARGET_NAME)";
				SWIFT_VERSION = 5.0;
				TARGETED_DEVICE_FAMILY = "1,2";
			};
			name = "Release (Development)";
		};
/* End XCBuildConfiguration section */

/* Begin XCConfigurationList section */
		3738EC4C23061D800083158B /* Build configuration list for PBXProject "Career Endorsement Tracker" */ = {
			isa = XCConfigurationList;
			buildConfigurations = (
				3738EC6123061D830083158B /* Debug (Development) */,
				2CC78CC62328D07B006CDFAE /* Debug (Staging) */,
				2CC78CC82328D086006CDFAE /* Debug (Production) */,
				3738EC6223061D830083158B /* Release (Development) */,
				2CC78CCA2328D091006CDFAE /* Release (Staging) */,
				2CC78CCC2328D09E006CDFAE /* Release (Production) */,
			);
			defaultConfigurationIsVisible = 0;
			defaultConfigurationName = "Release (Production)";
		};
		3738EC6323061D830083158B /* Build configuration list for PBXNativeTarget "Career Endorsement Tracker" */ = {
			isa = XCConfigurationList;
			buildConfigurations = (
				3738EC6423061D830083158B /* Debug (Development) */,
				2CC78CC72328D07B006CDFAE /* Debug (Staging) */,
				2CC78CC92328D086006CDFAE /* Debug (Production) */,
				3738EC6523061D830083158B /* Release (Development) */,
				2CC78CCB2328D091006CDFAE /* Release (Staging) */,
				2CC78CCD2328D09E006CDFAE /* Release (Production) */,
			);
			defaultConfigurationIsVisible = 0;
			defaultConfigurationName = "Release (Production)";
		};
/* End XCConfigurationList section */
	};
	rootObject = 3738EC4923061D800083158B /* Project object */;
}
