// !$*UTF8*$!
{
	archiveVersion = 1;
	classes = {
	};
	objectVersion = 50;
	objects = {

/* Begin PBXBuildFile section */
		3738EC5523061D800083158B /* AppDelegate.swift in Sources */ = {isa = PBXBuildFile; fileRef = 3738EC5423061D800083158B /* AppDelegate.swift */; };
		3738EC5A23061D800083158B /* Main.storyboard in Resources */ = {isa = PBXBuildFile; fileRef = 3738EC5823061D800083158B /* Main.storyboard */; };
		3738EC5C23061D830083158B /* Assets.xcassets in Resources */ = {isa = PBXBuildFile; fileRef = 3738EC5B23061D830083158B /* Assets.xcassets */; };
		3738EC5F23061D830083158B /* LaunchScreen.storyboard in Resources */ = {isa = PBXBuildFile; fileRef = 3738EC5D23061D830083158B /* LaunchScreen.storyboard */; };
		3738EC67230628770083158B /* CareerEndorsementViewController.swift in Sources */ = {isa = PBXBuildFile; fileRef = 3738EC66230628770083158B /* CareerEndorsementViewController.swift */; };
		3758984A2321BCEC00363B60 /* Lato-Bold.ttf in Resources */ = {isa = PBXBuildFile; fileRef = 375898492321BCEC00363B60 /* Lato-Bold.ttf */; };
		3758984E2321BD1600363B60 /* BarlowCondensed-Black.ttf in Resources */ = {isa = PBXBuildFile; fileRef = 3758984D2321BD1600363B60 /* BarlowCondensed-Black.ttf */; };
		375898502321BD2000363B60 /* BarlowCondensed-Bold.ttf in Resources */ = {isa = PBXBuildFile; fileRef = 3758984F2321BD2000363B60 /* BarlowCondensed-Bold.ttf */; };
		375898522321BD2900363B60 /* BarlowCondensed-Regular.ttf in Resources */ = {isa = PBXBuildFile; fileRef = 375898512321BD2900363B60 /* BarlowCondensed-Regular.ttf */; };
		375898542321C0EE00363B60 /* Lato-Regular.ttf in Resources */ = {isa = PBXBuildFile; fileRef = 375898532321C0EE00363B60 /* Lato-Regular.ttf */; };
		377AB69323229B240040D7CD /* BarlowCondensed-SemiBold.ttf in Resources */ = {isa = PBXBuildFile; fileRef = 377AB69223229B240040D7CD /* BarlowCondensed-SemiBold.ttf */; };
		570CE8E723144E1700077B72 /* RequirementsTableViewCell.swift in Sources */ = {isa = PBXBuildFile; fileRef = 570CE8E623144E1600077B72 /* RequirementsTableViewCell.swift */; };
		570CE8F92315CA5C00077B72 /* Server.swift in Sources */ = {isa = PBXBuildFile; fileRef = 570CE8F82315CA5C00077B72 /* Server.swift */; };
		570CE8FC2315CA7E00077B72 /* LoginViewController.swift in Sources */ = {isa = PBXBuildFile; fileRef = 570CE8FB2315CA7E00077B72 /* LoginViewController.swift */; };
		570CE9002315CA9700077B72 /* SignUpViewController.swift in Sources */ = {isa = PBXBuildFile; fileRef = 570CE8FF2315CA9700077B72 /* SignUpViewController.swift */; };
		570CE9022315CAE800077B72 /* Bearer.swift in Sources */ = {isa = PBXBuildFile; fileRef = 570CE9012315CAE800077B72 /* Bearer.swift */; };
		570CE9072315D56500077B72 /* TaskController.swift in Sources */ = {isa = PBXBuildFile; fileRef = 570CE9062315D56500077B72 /* TaskController.swift */; };
		570CE9092315D57700077B72 /* Task.swift in Sources */ = {isa = PBXBuildFile; fileRef = 570CE9082315D57700077B72 /* Task.swift */; };
		570CE90B2315D59F00077B72 /* Lambda.swift in Sources */ = {isa = PBXBuildFile; fileRef = 570CE90A2315D59F00077B72 /* Lambda.swift */; };
		570CE90E2315D6B300077B72 /* HomeCollectionViewCell.swift in Sources */ = {isa = PBXBuildFile; fileRef = 570CE90D2315D6B300077B72 /* HomeCollectionViewCell.swift */; };
		570CE9112315F32200077B72 /* WelcomeNavigationController.swift in Sources */ = {isa = PBXBuildFile; fileRef = 570CE9102315F32200077B72 /* WelcomeNavigationController.swift */; };
		570CE9132315F37200077B72 /* WelcomeViewController.swift in Sources */ = {isa = PBXBuildFile; fileRef = 570CE9122315F37200077B72 /* WelcomeViewController.swift */; };
		57191C782320E81200542F37 /* HomeDetailTableViewController.swift in Sources */ = {isa = PBXBuildFile; fileRef = 57191C772320E81200542F37 /* HomeDetailTableViewController.swift */; };
		57191C7A2320EDD300542F37 /* HomeDetailTableViewCell.swift in Sources */ = {isa = PBXBuildFile; fileRef = 57191C792320EDD300542F37 /* HomeDetailTableViewCell.swift */; };
		577EB1AF2319B7CF00EDB960 /* TracksController.swift in Sources */ = {isa = PBXBuildFile; fileRef = 577EB1AE2319B7CF00EDB960 /* TracksController.swift */; };
		577EB1B12319BB4B00EDB960 /* TaskTracksController.swift in Sources */ = {isa = PBXBuildFile; fileRef = 577EB1B02319BB4B00EDB960 /* TaskTracksController.swift */; };
		577EB1B52319BE9600EDB960 /* TasksController.swift in Sources */ = {isa = PBXBuildFile; fileRef = 577EB1B42319BE9600EDB960 /* TasksController.swift */; };
		5784F9EB230729B600C11198 /* DataGetter.swift in Sources */ = {isa = PBXBuildFile; fileRef = 5784F9EA230729B600C11198 /* DataGetter.swift */; };
		5784F9ED23072A1600C11198 /* CurrentUser.swift in Sources */ = {isa = PBXBuildFile; fileRef = 5784F9EC23072A1600C11198 /* CurrentUser.swift */; };
		5784F9EF23072BFB00C11198 /* Config.swift in Sources */ = {isa = PBXBuildFile; fileRef = 5784F9EE23072BFB00C11198 /* Config.swift */; };
		5784F9F123072D5600C11198 /* Welcome.storyboard in Resources */ = {isa = PBXBuildFile; fileRef = 5784F9F023072D5600C11198 /* Welcome.storyboard */; };
		C23555C58DF757ADFCAC29B0 /* Pods_Career_Endorsement_Tracker.framework in Frameworks */ = {isa = PBXBuildFile; fileRef = A16A2C694A4F55B2F84BEACC /* Pods_Career_Endorsement_Tracker.framework */; };
		FA593528232300C4003621A8 /* HomeViewController.swift in Sources */ = {isa = PBXBuildFile; fileRef = FA593527232300C4003621A8 /* HomeViewController.swift */; };
		FA66A39F23187B1C00980AB6 /* UserStepsCompletedController.swift in Sources */ = {isa = PBXBuildFile; fileRef = FA66A39E23187B1C00980AB6 /* UserStepsCompletedController.swift */; };
		FA66A3A123198ECC00980AB6 /* StepsController.swift in Sources */ = {isa = PBXBuildFile; fileRef = FA66A3A023198ECC00980AB6 /* StepsController.swift */; };
		FA66A3A32319919C00980AB6 /* ResourcesController.swift in Sources */ = {isa = PBXBuildFile; fileRef = FA66A3A22319919C00980AB6 /* ResourcesController.swift */; };
		FA8AAD7E23158E2100DA36A5 /* TasksTracks+Convenience.swift in Sources */ = {isa = PBXBuildFile; fileRef = FA8AAD7D23158E2100DA36A5 /* TasksTracks+Convenience.swift */; };
		FA8AAD8023158E3700DA36A5 /* Tracks+Convenience.swift in Sources */ = {isa = PBXBuildFile; fileRef = FA8AAD7F23158E3700DA36A5 /* Tracks+Convenience.swift */; };
		FA8AAD8223158E4100DA36A5 /* User+Convenience.swift in Sources */ = {isa = PBXBuildFile; fileRef = FA8AAD8123158E4100DA36A5 /* User+Convenience.swift */; };
		FA8AAD8423158E4E00DA36A5 /* User_steps_completed+Convenience.swift in Sources */ = {isa = PBXBuildFile; fileRef = FA8AAD8323158E4E00DA36A5 /* User_steps_completed+Convenience.swift */; };
		FA8AAD8623158E5900DA36A5 /* Steps+Convenience.swift in Sources */ = {isa = PBXBuildFile; fileRef = FA8AAD8523158E5900DA36A5 /* Steps+Convenience.swift */; };
		FA8AAD8823158E6400DA36A5 /* Resources+Convenience.swift in Sources */ = {isa = PBXBuildFile; fileRef = FA8AAD8723158E6400DA36A5 /* Resources+Convenience.swift */; };
		FA8AAD8A23158E7A00DA36A5 /* TaskTracksRepresentation.swift in Sources */ = {isa = PBXBuildFile; fileRef = FA8AAD8923158E7A00DA36A5 /* TaskTracksRepresentation.swift */; };
		FA8AAD8C23158E8500DA36A5 /* TracksRepresentation.swift in Sources */ = {isa = PBXBuildFile; fileRef = FA8AAD8B23158E8500DA36A5 /* TracksRepresentation.swift */; };
		FA8AAD8E23158E8F00DA36A5 /* UserRepresentation.swift in Sources */ = {isa = PBXBuildFile; fileRef = FA8AAD8D23158E8F00DA36A5 /* UserRepresentation.swift */; };
		FA8AAD9023158E9B00DA36A5 /* User_steps_completedRepresentation.swift in Sources */ = {isa = PBXBuildFile; fileRef = FA8AAD8F23158E9B00DA36A5 /* User_steps_completedRepresentation.swift */; };
		FA8AAD9223158EA300DA36A5 /* StepsRepresentation.swift in Sources */ = {isa = PBXBuildFile; fileRef = FA8AAD9123158EA300DA36A5 /* StepsRepresentation.swift */; };
		FA8AAD9423158EAA00DA36A5 /* ResourcesRepresentation.swift in Sources */ = {isa = PBXBuildFile; fileRef = FA8AAD9323158EAA00DA36A5 /* ResourcesRepresentation.swift */; };
		FAA6DF1D23107BDB00B1DA7D /* CoreDataStack.swift in Sources */ = {isa = PBXBuildFile; fileRef = FAA6DF1C23107BDB00B1DA7D /* CoreDataStack.swift */; };
		FAA6DF2023107E1400B1DA7D /* CareerModel.xcdatamodeld in Sources */ = {isa = PBXBuildFile; fileRef = FAA6DF1E23107E1400B1DA7D /* CareerModel.xcdatamodeld */; };
		FAA6DF222310828500B1DA7D /* Tasks+Convenience.swift in Sources */ = {isa = PBXBuildFile; fileRef = FAA6DF212310828500B1DA7D /* Tasks+Convenience.swift */; };
		FAA6DF2B2310831800B1DA7D /* TasksRepresentation.swift in Sources */ = {isa = PBXBuildFile; fileRef = FAA6DF2A2310831800B1DA7D /* TasksRepresentation.swift */; };
		FACADFDE2316FEDE001BBE9C /* Extensions.swift in Sources */ = {isa = PBXBuildFile; fileRef = FACADFDD2316FEDE001BBE9C /* Extensions.swift */; };
		FACADFE0231701A5001BBE9C /* UserController.swift in Sources */ = {isa = PBXBuildFile; fileRef = FACADFDF231701A5001BBE9C /* UserController.swift */; };
		FACADFE523174587001BBE9C /* Database.swift in Sources */ = {isa = PBXBuildFile; fileRef = FACADFE423174587001BBE9C /* Database.swift */; };
/* End PBXBuildFile section */

/* Begin PBXCopyFilesBuildPhase section */
		FA5D9B1E230F181B00DC9BC1 /* Embed App Extensions */ = {
			isa = PBXCopyFilesBuildPhase;
			buildActionMask = 2147483647;
			dstPath = "";
			dstSubfolderSpec = 13;
			files = (
			);
			name = "Embed App Extensions";
			runOnlyForDeploymentPostprocessing = 0;
		};
/* End PBXCopyFilesBuildPhase section */

/* Begin PBXFileReference section */
		3738EC5123061D800083158B /* Career Endorsement Tracker.app */ = {isa = PBXFileReference; explicitFileType = wrapper.application; includeInIndex = 0; path = "Career Endorsement Tracker.app"; sourceTree = BUILT_PRODUCTS_DIR; };
		3738EC5423061D800083158B /* AppDelegate.swift */ = {isa = PBXFileReference; lastKnownFileType = sourcecode.swift; name = AppDelegate.swift; path = ../AppDelegate.swift; sourceTree = "<group>"; };
		3738EC5923061D800083158B /* Base */ = {isa = PBXFileReference; lastKnownFileType = file.storyboard; name = Base; path = Base.lproj/Main.storyboard; sourceTree = "<group>"; };
		3738EC5B23061D830083158B /* Assets.xcassets */ = {isa = PBXFileReference; lastKnownFileType = folder.assetcatalog; path = Assets.xcassets; sourceTree = "<group>"; };
		3738EC5E23061D830083158B /* Base */ = {isa = PBXFileReference; lastKnownFileType = file.storyboard; name = Base; path = Base.lproj/LaunchScreen.storyboard; sourceTree = "<group>"; };
		3738EC6023061D830083158B /* Info.plist */ = {isa = PBXFileReference; lastKnownFileType = text.plist.xml; path = Info.plist; sourceTree = "<group>"; };
		3738EC66230628770083158B /* CareerEndorsementViewController.swift */ = {isa = PBXFileReference; lastKnownFileType = sourcecode.swift; path = CareerEndorsementViewController.swift; sourceTree = "<group>"; };
		375898492321BCEC00363B60 /* Lato-Bold.ttf */ = {isa = PBXFileReference; lastKnownFileType = file; path = "Lato-Bold.ttf"; sourceTree = "<group>"; };
		3758984D2321BD1600363B60 /* BarlowCondensed-Black.ttf */ = {isa = PBXFileReference; lastKnownFileType = file; path = "BarlowCondensed-Black.ttf"; sourceTree = "<group>"; };
		3758984F2321BD2000363B60 /* BarlowCondensed-Bold.ttf */ = {isa = PBXFileReference; lastKnownFileType = file; path = "BarlowCondensed-Bold.ttf"; sourceTree = "<group>"; };
		375898512321BD2900363B60 /* BarlowCondensed-Regular.ttf */ = {isa = PBXFileReference; lastKnownFileType = file; path = "BarlowCondensed-Regular.ttf"; sourceTree = "<group>"; };
		375898532321C0EE00363B60 /* Lato-Regular.ttf */ = {isa = PBXFileReference; lastKnownFileType = file; path = "Lato-Regular.ttf"; sourceTree = "<group>"; };
		377AB69223229B240040D7CD /* BarlowCondensed-SemiBold.ttf */ = {isa = PBXFileReference; lastKnownFileType = file; path = "BarlowCondensed-SemiBold.ttf"; sourceTree = "<group>"; };
		570CE8E623144E1600077B72 /* RequirementsTableViewCell.swift */ = {isa = PBXFileReference; lastKnownFileType = sourcecode.swift; path = RequirementsTableViewCell.swift; sourceTree = "<group>"; };
		570CE8F82315CA5C00077B72 /* Server.swift */ = {isa = PBXFileReference; lastKnownFileType = sourcecode.swift; path = Server.swift; sourceTree = "<group>"; };
		570CE8FB2315CA7E00077B72 /* LoginViewController.swift */ = {isa = PBXFileReference; lastKnownFileType = sourcecode.swift; path = LoginViewController.swift; sourceTree = "<group>"; };
		570CE8FF2315CA9700077B72 /* SignUpViewController.swift */ = {isa = PBXFileReference; lastKnownFileType = sourcecode.swift; path = SignUpViewController.swift; sourceTree = "<group>"; };
		570CE9012315CAE800077B72 /* Bearer.swift */ = {isa = PBXFileReference; lastKnownFileType = sourcecode.swift; path = Bearer.swift; sourceTree = "<group>"; };
		570CE9062315D56500077B72 /* TaskController.swift */ = {isa = PBXFileReference; lastKnownFileType = sourcecode.swift; name = TaskController.swift; path = "Career Endorsement Tracker/Helpers/TaskController.swift"; sourceTree = SOURCE_ROOT; };
		570CE9082315D57700077B72 /* Task.swift */ = {isa = PBXFileReference; lastKnownFileType = sourcecode.swift; path = Task.swift; sourceTree = "<group>"; };
		570CE90A2315D59F00077B72 /* Lambda.swift */ = {isa = PBXFileReference; lastKnownFileType = sourcecode.swift; path = Lambda.swift; sourceTree = "<group>"; };
		570CE90D2315D6B300077B72 /* HomeCollectionViewCell.swift */ = {isa = PBXFileReference; lastKnownFileType = sourcecode.swift; path = HomeCollectionViewCell.swift; sourceTree = "<group>"; };
		570CE9102315F32200077B72 /* WelcomeNavigationController.swift */ = {isa = PBXFileReference; lastKnownFileType = sourcecode.swift; path = WelcomeNavigationController.swift; sourceTree = "<group>"; };
		570CE9122315F37200077B72 /* WelcomeViewController.swift */ = {isa = PBXFileReference; lastKnownFileType = sourcecode.swift; path = WelcomeViewController.swift; sourceTree = "<group>"; };
		57191C772320E81200542F37 /* HomeDetailTableViewController.swift */ = {isa = PBXFileReference; lastKnownFileType = sourcecode.swift; path = HomeDetailTableViewController.swift; sourceTree = "<group>"; };
		57191C792320EDD300542F37 /* HomeDetailTableViewCell.swift */ = {isa = PBXFileReference; lastKnownFileType = sourcecode.swift; path = HomeDetailTableViewCell.swift; sourceTree = "<group>"; };
		577EB1AE2319B7CF00EDB960 /* TracksController.swift */ = {isa = PBXFileReference; lastKnownFileType = sourcecode.swift; path = TracksController.swift; sourceTree = "<group>"; };
		577EB1B02319BB4B00EDB960 /* TaskTracksController.swift */ = {isa = PBXFileReference; lastKnownFileType = sourcecode.swift; path = TaskTracksController.swift; sourceTree = "<group>"; };
		577EB1B42319BE9600EDB960 /* TasksController.swift */ = {isa = PBXFileReference; lastKnownFileType = sourcecode.swift; path = TasksController.swift; sourceTree = "<group>"; };
		5784F9EA230729B600C11198 /* DataGetter.swift */ = {isa = PBXFileReference; lastKnownFileType = sourcecode.swift; path = DataGetter.swift; sourceTree = "<group>"; };
		5784F9EC23072A1600C11198 /* CurrentUser.swift */ = {isa = PBXFileReference; lastKnownFileType = sourcecode.swift; path = CurrentUser.swift; sourceTree = "<group>"; };
		5784F9EE23072BFB00C11198 /* Config.swift */ = {isa = PBXFileReference; lastKnownFileType = sourcecode.swift; path = Config.swift; sourceTree = "<group>"; };
		5784F9F023072D5600C11198 /* Welcome.storyboard */ = {isa = PBXFileReference; lastKnownFileType = file.storyboard; path = Welcome.storyboard; sourceTree = "<group>"; };
		A16A2C694A4F55B2F84BEACC /* Pods_Career_Endorsement_Tracker.framework */ = {isa = PBXFileReference; explicitFileType = wrapper.framework; includeInIndex = 0; path = Pods_Career_Endorsement_Tracker.framework; sourceTree = BUILT_PRODUCTS_DIR; };
		BA3180B42150088BF535A9D8 /* Pods-Career Endorsement Tracker.release.xcconfig */ = {isa = PBXFileReference; includeInIndex = 1; lastKnownFileType = text.xcconfig; name = "Pods-Career Endorsement Tracker.release.xcconfig"; path = "Target Support Files/Pods-Career Endorsement Tracker/Pods-Career Endorsement Tracker.release.xcconfig"; sourceTree = "<group>"; };
		BF19141FFFADA7483E90C29F /* Pods-Career Endorsement Tracker.debug.xcconfig */ = {isa = PBXFileReference; includeInIndex = 1; lastKnownFileType = text.xcconfig; name = "Pods-Career Endorsement Tracker.debug.xcconfig"; path = "Target Support Files/Pods-Career Endorsement Tracker/Pods-Career Endorsement Tracker.debug.xcconfig"; sourceTree = "<group>"; };
		FA593527232300C4003621A8 /* HomeViewController.swift */ = {isa = PBXFileReference; lastKnownFileType = sourcecode.swift; path = HomeViewController.swift; sourceTree = "<group>"; };
		FA5D9B15230F181B00DC9BC1 /* NotificationService.swift */ = {isa = PBXFileReference; lastKnownFileType = sourcecode.swift; path = NotificationService.swift; sourceTree = "<group>"; };
		FA5D9B17230F181B00DC9BC1 /* Info.plist */ = {isa = PBXFileReference; lastKnownFileType = text.plist.xml; path = Info.plist; sourceTree = "<group>"; };
		FA66A39E23187B1C00980AB6 /* UserStepsCompletedController.swift */ = {isa = PBXFileReference; lastKnownFileType = sourcecode.swift; path = UserStepsCompletedController.swift; sourceTree = "<group>"; };
		FA66A3A023198ECC00980AB6 /* StepsController.swift */ = {isa = PBXFileReference; lastKnownFileType = sourcecode.swift; path = StepsController.swift; sourceTree = "<group>"; };
		FA66A3A22319919C00980AB6 /* ResourcesController.swift */ = {isa = PBXFileReference; lastKnownFileType = sourcecode.swift; path = ResourcesController.swift; sourceTree = "<group>"; };
		FA8AAD7D23158E2100DA36A5 /* TasksTracks+Convenience.swift */ = {isa = PBXFileReference; lastKnownFileType = sourcecode.swift; path = "TasksTracks+Convenience.swift"; sourceTree = "<group>"; };
		FA8AAD7F23158E3700DA36A5 /* Tracks+Convenience.swift */ = {isa = PBXFileReference; lastKnownFileType = sourcecode.swift; path = "Tracks+Convenience.swift"; sourceTree = "<group>"; };
		FA8AAD8123158E4100DA36A5 /* User+Convenience.swift */ = {isa = PBXFileReference; lastKnownFileType = sourcecode.swift; path = "User+Convenience.swift"; sourceTree = "<group>"; };
		FA8AAD8323158E4E00DA36A5 /* User_steps_completed+Convenience.swift */ = {isa = PBXFileReference; lastKnownFileType = sourcecode.swift; path = "User_steps_completed+Convenience.swift"; sourceTree = "<group>"; };
		FA8AAD8523158E5900DA36A5 /* Steps+Convenience.swift */ = {isa = PBXFileReference; lastKnownFileType = sourcecode.swift; path = "Steps+Convenience.swift"; sourceTree = "<group>"; };
		FA8AAD8723158E6400DA36A5 /* Resources+Convenience.swift */ = {isa = PBXFileReference; lastKnownFileType = sourcecode.swift; path = "Resources+Convenience.swift"; sourceTree = "<group>"; };
		FA8AAD8923158E7A00DA36A5 /* TaskTracksRepresentation.swift */ = {isa = PBXFileReference; lastKnownFileType = sourcecode.swift; path = TaskTracksRepresentation.swift; sourceTree = "<group>"; };
		FA8AAD8B23158E8500DA36A5 /* TracksRepresentation.swift */ = {isa = PBXFileReference; lastKnownFileType = sourcecode.swift; path = TracksRepresentation.swift; sourceTree = "<group>"; };
		FA8AAD8D23158E8F00DA36A5 /* UserRepresentation.swift */ = {isa = PBXFileReference; lastKnownFileType = sourcecode.swift; path = UserRepresentation.swift; sourceTree = "<group>"; };
		FA8AAD8F23158E9B00DA36A5 /* User_steps_completedRepresentation.swift */ = {isa = PBXFileReference; lastKnownFileType = sourcecode.swift; path = User_steps_completedRepresentation.swift; sourceTree = "<group>"; };
		FA8AAD9123158EA300DA36A5 /* StepsRepresentation.swift */ = {isa = PBXFileReference; lastKnownFileType = sourcecode.swift; path = StepsRepresentation.swift; sourceTree = "<group>"; };
		FA8AAD9323158EAA00DA36A5 /* ResourcesRepresentation.swift */ = {isa = PBXFileReference; lastKnownFileType = sourcecode.swift; path = ResourcesRepresentation.swift; sourceTree = "<group>"; };
		FAA6DF1C23107BDB00B1DA7D /* CoreDataStack.swift */ = {isa = PBXFileReference; lastKnownFileType = sourcecode.swift; path = CoreDataStack.swift; sourceTree = "<group>"; };
		FAA6DF1F23107E1400B1DA7D /* CareerModel.xcdatamodel */ = {isa = PBXFileReference; lastKnownFileType = wrapper.xcdatamodel; path = CareerModel.xcdatamodel; sourceTree = "<group>"; };
		FAA6DF212310828500B1DA7D /* Tasks+Convenience.swift */ = {isa = PBXFileReference; lastKnownFileType = sourcecode.swift; path = "Tasks+Convenience.swift"; sourceTree = "<group>"; };
		FAA6DF2A2310831800B1DA7D /* TasksRepresentation.swift */ = {isa = PBXFileReference; lastKnownFileType = sourcecode.swift; path = TasksRepresentation.swift; sourceTree = "<group>"; };
		FACADFDD2316FEDE001BBE9C /* Extensions.swift */ = {isa = PBXFileReference; lastKnownFileType = sourcecode.swift; path = Extensions.swift; sourceTree = "<group>"; };
		FACADFDF231701A5001BBE9C /* UserController.swift */ = {isa = PBXFileReference; lastKnownFileType = sourcecode.swift; path = UserController.swift; sourceTree = "<group>"; };
		FACADFE423174587001BBE9C /* Database.swift */ = {isa = PBXFileReference; lastKnownFileType = sourcecode.swift; path = Database.swift; sourceTree = "<group>"; };
		FAE9606D230F1AB7006E7467 /* Career Endorsement Tracker.entitlements */ = {isa = PBXFileReference; lastKnownFileType = text.plist.entitlements; path = "Career Endorsement Tracker.entitlements"; sourceTree = "<group>"; };
		FAE9606E230F1C89006E7467 /* OneSignalNotificationServiceExtension.entitlements */ = {isa = PBXFileReference; lastKnownFileType = text.plist.entitlements; path = OneSignalNotificationServiceExtension.entitlements; sourceTree = "<group>"; };
/* End PBXFileReference section */

/* Begin PBXFrameworksBuildPhase section */
		3738EC4E23061D800083158B /* Frameworks */ = {
			isa = PBXFrameworksBuildPhase;
			buildActionMask = 2147483647;
			files = (
				C23555C58DF757ADFCAC29B0 /* Pods_Career_Endorsement_Tracker.framework in Frameworks */,
			);
			runOnlyForDeploymentPostprocessing = 0;
		};
/* End PBXFrameworksBuildPhase section */

/* Begin PBXGroup section */
		0D45AFB23C58BBE35B56D597 /* Pods */ = {
			isa = PBXGroup;
			children = (
				BF19141FFFADA7483E90C29F /* Pods-Career Endorsement Tracker.debug.xcconfig */,
				BA3180B42150088BF535A9D8 /* Pods-Career Endorsement Tracker.release.xcconfig */,
			);
			path = Pods;
			sourceTree = "<group>";
		};
		3738EC4823061D800083158B = {
			isa = PBXGroup;
			children = (
				3738EC5323061D800083158B /* Career Endorsement Tracker */,
				570CE90F2315F30800077B72 /* Not Used */,
				FA5D9B14230F181B00DC9BC1 /* OneSignalNotificationServiceExtension */,
				3738EC5223061D800083158B /* Products */,
				0D45AFB23C58BBE35B56D597 /* Pods */,
				E066CA9C2E048584B36CA38D /* Frameworks */,
			);
			sourceTree = "<group>";
		};
		3738EC5223061D800083158B /* Products */ = {
			isa = PBXGroup;
			children = (
				3738EC5123061D800083158B /* Career Endorsement Tracker.app */,
			);
			name = Products;
			sourceTree = "<group>";
		};
		3738EC5323061D800083158B /* Career Endorsement Tracker */ = {
			isa = PBXGroup;
			children = (
				FAE9606D230F1AB7006E7467 /* Career Endorsement Tracker.entitlements */,
				5784F9E62307290D00C11198 /* Supporting */,
				5784F9E72307291900C11198 /* Storyboards */,
				374CB3A523186791009A8C2D /* Helpers */,
				5784F9E1230728E900C11198 /* Models */,
				FAA6DF1B23107B3300B1DA7D /* Core Data */,
				5784F9E4230728FF00C11198 /* Networking  */,
				5784F9E3230728F800C11198 /* ViewControllers */,
			);
			path = "Career Endorsement Tracker";
			sourceTree = "<group>";
		};
		374CB3A523186791009A8C2D /* Helpers */ = {
			isa = PBXGroup;
			children = (
				5784F9E92307295400C11198 /* Constants */,
				FACADFE323174573001BBE9C /* Database Mapping */,
				570CE9062315D56500077B72 /* TaskController.swift */,
			);
			path = Helpers;
			sourceTree = "<group>";
		};
		570CE8FA2315CA6E00077B72 /* Welcome */ = {
			isa = PBXGroup;
			children = (
				570CE9102315F32200077B72 /* WelcomeNavigationController.swift */,
				570CE9122315F37200077B72 /* WelcomeViewController.swift */,
				570CE8FB2315CA7E00077B72 /* LoginViewController.swift */,
				570CE8FF2315CA9700077B72 /* SignUpViewController.swift */,
			);
			path = Welcome;
			sourceTree = "<group>";
		};
		570CE9032315D4AA00077B72 /* Home */ = {
			isa = PBXGroup;
			children = (
				FA593527232300C4003621A8 /* HomeViewController.swift */,
				570CE90D2315D6B300077B72 /* HomeCollectionViewCell.swift */,
				57191C772320E81200542F37 /* HomeDetailTableViewController.swift */,
				57191C792320EDD300542F37 /* HomeDetailTableViewCell.swift */,
			);
			path = Home;
			sourceTree = "<group>";
		};
		570CE90F2315F30800077B72 /* Not Used */ = {
			isa = PBXGroup;
			children = (
				3738EC66230628770083158B /* CareerEndorsementViewController.swift */,
				570CE8E623144E1600077B72 /* RequirementsTableViewCell.swift */,
			);
			path = "Not Used";
			sourceTree = "<group>";
		};
		5784F9E1230728E900C11198 /* Models */ = {
			isa = PBXGroup;
			children = (
				5784F9EC23072A1600C11198 /* CurrentUser.swift */,
				570CE9012315CAE800077B72 /* Bearer.swift */,
				570CE9082315D57700077B72 /* Task.swift */,
				570CE90A2315D59F00077B72 /* Lambda.swift */,
			);
			path = Models;
			sourceTree = "<group>";
		};
		5784F9E3230728F800C11198 /* ViewControllers */ = {
			isa = PBXGroup;
			children = (
				570CE9032315D4AA00077B72 /* Home */,
				570CE8FA2315CA6E00077B72 /* Welcome */,
			);
			path = ViewControllers;
			sourceTree = "<group>";
		};
		5784F9E4230728FF00C11198 /* Networking  */ = {
			isa = PBXGroup;
			children = (
				5784F9EA230729B600C11198 /* DataGetter.swift */,
				570CE8F82315CA5C00077B72 /* Server.swift */,
			);
			path = "Networking ";
			sourceTree = "<group>";
		};
		5784F9E62307290D00C11198 /* Supporting */ = {
			isa = PBXGroup;
			children = (
				3738EC5423061D800083158B /* AppDelegate.swift */,
				3738EC6023061D830083158B /* Info.plist */,
				3738EC5B23061D830083158B /* Assets.xcassets */,
				FACADFDD2316FEDE001BBE9C /* Extensions.swift */,
				3758984D2321BD1600363B60 /* BarlowCondensed-Black.ttf */,
				3758984F2321BD2000363B60 /* BarlowCondensed-Bold.ttf */,
				377AB69223229B240040D7CD /* BarlowCondensed-SemiBold.ttf */,
				375898512321BD2900363B60 /* BarlowCondensed-Regular.ttf */,
				375898492321BCEC00363B60 /* Lato-Bold.ttf */,
				375898532321C0EE00363B60 /* Lato-Regular.ttf */,
			);
			path = Supporting;
			sourceTree = "<group>";
		};
		5784F9E72307291900C11198 /* Storyboards */ = {
			isa = PBXGroup;
			children = (
				5784F9F023072D5600C11198 /* Welcome.storyboard */,
				3738EC5823061D800083158B /* Main.storyboard */,
				3738EC5D23061D830083158B /* LaunchScreen.storyboard */,
			);
			path = Storyboards;
			sourceTree = "<group>";
		};
		5784F9E92307295400C11198 /* Constants */ = {
			isa = PBXGroup;
			children = (
				5784F9EE23072BFB00C11198 /* Config.swift */,
			);
			path = Constants;
			sourceTree = "<group>";
		};
		E066CA9C2E048584B36CA38D /* Frameworks */ = {
			isa = PBXGroup;
			children = (
				A16A2C694A4F55B2F84BEACC /* Pods_Career_Endorsement_Tracker.framework */,
			);
			name = Frameworks;
			sourceTree = "<group>";
		};
		FA5D9B14230F181B00DC9BC1 /* OneSignalNotificationServiceExtension */ = {
			isa = PBXGroup;
			children = (
				FAE9606E230F1C89006E7467 /* OneSignalNotificationServiceExtension.entitlements */,
				FA5D9B15230F181B00DC9BC1 /* NotificationService.swift */,
				FA5D9B17230F181B00DC9BC1 /* Info.plist */,
			);
			path = OneSignalNotificationServiceExtension;
			sourceTree = "<group>";
		};
		FAA6DF1B23107B3300B1DA7D /* Core Data */ = {
			isa = PBXGroup;
			children = (
				FAA6DF29231082C900B1DA7D /* Resources */,
				FAA6DF28231082C400B1DA7D /* Steps */,
				FAA6DF27231082B300B1DA7D /* User_steps_completed */,
				FAA6DF26231082AF00B1DA7D /* Users */,
				FAA6DF25231082A600B1DA7D /* Tracks */,
				FAA6DF242310829A00B1DA7D /* Tasks_tracks */,
				FAA6DF1C23107BDB00B1DA7D /* CoreDataStack.swift */,
				FAA6DF1E23107E1400B1DA7D /* CareerModel.xcdatamodeld */,
				FAA6DF232310828A00B1DA7D /* Tasks */,
			);
			path = "Core Data";
			sourceTree = "<group>";
		};
		FAA6DF232310828A00B1DA7D /* Tasks */ = {
			isa = PBXGroup;
			children = (
				FAA6DF212310828500B1DA7D /* Tasks+Convenience.swift */,
				FAA6DF2A2310831800B1DA7D /* TasksRepresentation.swift */,
				577EB1B42319BE9600EDB960 /* TasksController.swift */,
			);
			path = Tasks;
			sourceTree = "<group>";
		};
		FAA6DF242310829A00B1DA7D /* Tasks_tracks */ = {
			isa = PBXGroup;
			children = (
				FA8AAD7D23158E2100DA36A5 /* TasksTracks+Convenience.swift */,
				FA8AAD8923158E7A00DA36A5 /* TaskTracksRepresentation.swift */,
				577EB1B02319BB4B00EDB960 /* TaskTracksController.swift */,
			);
			path = Tasks_tracks;
			sourceTree = "<group>";
		};
		FAA6DF25231082A600B1DA7D /* Tracks */ = {
			isa = PBXGroup;
			children = (
				FA8AAD7F23158E3700DA36A5 /* Tracks+Convenience.swift */,
				FA8AAD8B23158E8500DA36A5 /* TracksRepresentation.swift */,
				577EB1AE2319B7CF00EDB960 /* TracksController.swift */,
			);
			path = Tracks;
			sourceTree = "<group>";
		};
		FAA6DF26231082AF00B1DA7D /* Users */ = {
			isa = PBXGroup;
			children = (
				FA8AAD8123158E4100DA36A5 /* User+Convenience.swift */,
				FA8AAD8D23158E8F00DA36A5 /* UserRepresentation.swift */,
				FACADFDF231701A5001BBE9C /* UserController.swift */,
			);
			path = Users;
			sourceTree = "<group>";
		};
		FAA6DF27231082B300B1DA7D /* User_steps_completed */ = {
			isa = PBXGroup;
			children = (
				FA8AAD8323158E4E00DA36A5 /* User_steps_completed+Convenience.swift */,
				FA8AAD8F23158E9B00DA36A5 /* User_steps_completedRepresentation.swift */,
				FA66A39E23187B1C00980AB6 /* UserStepsCompletedController.swift */,
			);
			path = User_steps_completed;
			sourceTree = "<group>";
		};
		FAA6DF28231082C400B1DA7D /* Steps */ = {
			isa = PBXGroup;
			children = (
				FA8AAD8523158E5900DA36A5 /* Steps+Convenience.swift */,
				FA8AAD9123158EA300DA36A5 /* StepsRepresentation.swift */,
				FA66A3A023198ECC00980AB6 /* StepsController.swift */,
			);
			path = Steps;
			sourceTree = "<group>";
		};
		FAA6DF29231082C900B1DA7D /* Resources */ = {
			isa = PBXGroup;
			children = (
				FA8AAD8723158E6400DA36A5 /* Resources+Convenience.swift */,
				FA8AAD9323158EAA00DA36A5 /* ResourcesRepresentation.swift */,
				FA66A3A22319919C00980AB6 /* ResourcesController.swift */,
			);
			path = Resources;
			sourceTree = "<group>";
		};
		FACADFE323174573001BBE9C /* Database Mapping */ = {
			isa = PBXGroup;
			children = (
				FACADFE423174587001BBE9C /* Database.swift */,
			);
			path = "Database Mapping";
			sourceTree = "<group>";
		};
/* End PBXGroup section */

/* Begin PBXNativeTarget section */
		3738EC5023061D800083158B /* Career Endorsement Tracker */ = {
			isa = PBXNativeTarget;
			buildConfigurationList = 3738EC6323061D830083158B /* Build configuration list for PBXNativeTarget "Career Endorsement Tracker" */;
			buildPhases = (
				85EE036FE900E32AD2DEB6FF /* [CP] Check Pods Manifest.lock */,
				3738EC4D23061D800083158B /* Sources */,
				3738EC4E23061D800083158B /* Frameworks */,
				3738EC4F23061D800083158B /* Resources */,
				FA5D9B1E230F181B00DC9BC1 /* Embed App Extensions */,
				4AD3C0CB4897E0126FFBFFDC /* [CP] Embed Pods Frameworks */,
			);
			buildRules = (
			);
			dependencies = (
			);
			name = "Career Endorsement Tracker";
			productName = "Career Endorsement Tracker";
			productReference = 3738EC5123061D800083158B /* Career Endorsement Tracker.app */;
			productType = "com.apple.product-type.application";
		};
/* End PBXNativeTarget section */

/* Begin PBXProject section */
		3738EC4923061D800083158B /* Project object */ = {
			isa = PBXProject;
			attributes = {
				LastSwiftUpdateCheck = 1030;
				LastUpgradeCheck = 1020;
				ORGANIZATIONNAME = "Lambda School";
				TargetAttributes = {
					3738EC5023061D800083158B = {
						CreatedOnToolsVersion = 10.2.1;
						SystemCapabilities = {
							com.apple.ApplicationGroups.iOS = {
								enabled = 1;
							};
							com.apple.BackgroundModes = {
								enabled = 1;
							};
							com.apple.Push = {
								enabled = 1;
							};
						};
					};
				};
			};
			buildConfigurationList = 3738EC4C23061D800083158B /* Build configuration list for PBXProject "Career Endorsement Tracker" */;
			compatibilityVersion = "Xcode 9.3";
			developmentRegion = en;
			hasScannedForEncodings = 0;
			knownRegions = (
				en,
				Base,
			);
			mainGroup = 3738EC4823061D800083158B;
			productRefGroup = 3738EC5223061D800083158B /* Products */;
			projectDirPath = "";
			projectRoot = "";
			targets = (
				3738EC5023061D800083158B /* Career Endorsement Tracker */,
			);
		};
/* End PBXProject section */

/* Begin PBXResourcesBuildPhase section */
		3738EC4F23061D800083158B /* Resources */ = {
			isa = PBXResourcesBuildPhase;
			buildActionMask = 2147483647;
			files = (
				375898522321BD2900363B60 /* BarlowCondensed-Regular.ttf in Resources */,
				3738EC5F23061D830083158B /* LaunchScreen.storyboard in Resources */,
				3758984A2321BCEC00363B60 /* Lato-Bold.ttf in Resources */,
				5784F9F123072D5600C11198 /* Welcome.storyboard in Resources */,
				377AB69323229B240040D7CD /* BarlowCondensed-SemiBold.ttf in Resources */,
				375898542321C0EE00363B60 /* Lato-Regular.ttf in Resources */,
				375898502321BD2000363B60 /* BarlowCondensed-Bold.ttf in Resources */,
				3738EC5C23061D830083158B /* Assets.xcassets in Resources */,
				3738EC5A23061D800083158B /* Main.storyboard in Resources */,
				3758984E2321BD1600363B60 /* BarlowCondensed-Black.ttf in Resources */,
			);
			runOnlyForDeploymentPostprocessing = 0;
		};
/* End PBXResourcesBuildPhase section */

/* Begin PBXShellScriptBuildPhase section */
		4AD3C0CB4897E0126FFBFFDC /* [CP] Embed Pods Frameworks */ = {
			isa = PBXShellScriptBuildPhase;
			buildActionMask = 2147483647;
			files = (
			);
			inputFileListPaths = (
			);
			inputPaths = (
				"${PODS_ROOT}/Target Support Files/Pods-Career Endorsement Tracker/Pods-Career Endorsement Tracker-frameworks.sh",
				"${BUILT_PRODUCTS_DIR}/JGProgressHUD/JGProgressHUD.framework",
			);
			name = "[CP] Embed Pods Frameworks";
			outputFileListPaths = (
			);
			outputPaths = (
				"${TARGET_BUILD_DIR}/${FRAMEWORKS_FOLDER_PATH}/JGProgressHUD.framework",
			);
			runOnlyForDeploymentPostprocessing = 0;
			shellPath = /bin/sh;
			shellScript = "\"${PODS_ROOT}/Target Support Files/Pods-Career Endorsement Tracker/Pods-Career Endorsement Tracker-frameworks.sh\"\n";
			showEnvVarsInLog = 0;
		};
		85EE036FE900E32AD2DEB6FF /* [CP] Check Pods Manifest.lock */ = {
			isa = PBXShellScriptBuildPhase;
			buildActionMask = 2147483647;
			files = (
			);
			inputFileListPaths = (
			);
			inputPaths = (
				"${PODS_PODFILE_DIR_PATH}/Podfile.lock",
				"${PODS_ROOT}/Manifest.lock",
			);
			name = "[CP] Check Pods Manifest.lock";
			outputFileListPaths = (
			);
			outputPaths = (
				"$(DERIVED_FILE_DIR)/Pods-Career Endorsement Tracker-checkManifestLockResult.txt",
			);
			runOnlyForDeploymentPostprocessing = 0;
			shellPath = /bin/sh;
			shellScript = "diff \"${PODS_PODFILE_DIR_PATH}/Podfile.lock\" \"${PODS_ROOT}/Manifest.lock\" > /dev/null\nif [ $? != 0 ] ; then\n    # print error to STDERR\n    echo \"error: The sandbox is not in sync with the Podfile.lock. Run 'pod install' or update your CocoaPods installation.\" >&2\n    exit 1\nfi\n# This output is used by Xcode 'outputs' to avoid re-running this script phase.\necho \"SUCCESS\" > \"${SCRIPT_OUTPUT_FILE_0}\"\n";
			showEnvVarsInLog = 0;
		};
/* End PBXShellScriptBuildPhase section */

/* Begin PBXSourcesBuildPhase section */
		3738EC4D23061D800083158B /* Sources */ = {
			isa = PBXSourcesBuildPhase;
			buildActionMask = 2147483647;
			files = (
				FA8AAD9423158EAA00DA36A5 /* ResourcesRepresentation.swift in Sources */,
				FA8AAD9023158E9B00DA36A5 /* User_steps_completedRepresentation.swift in Sources */,
				570CE9022315CAE800077B72 /* Bearer.swift in Sources */,
				FA8AAD8C23158E8500DA36A5 /* TracksRepresentation.swift in Sources */,
				FACADFE523174587001BBE9C /* Database.swift in Sources */,
				57191C782320E81200542F37 /* HomeDetailTableViewController.swift in Sources */,
				FAA6DF222310828500B1DA7D /* Tasks+Convenience.swift in Sources */,
				577EB1B12319BB4B00EDB960 /* TaskTracksController.swift in Sources */,
				57191C7A2320EDD300542F37 /* HomeDetailTableViewCell.swift in Sources */,
				570CE9132315F37200077B72 /* WelcomeViewController.swift in Sources */,
				5784F9EB230729B600C11198 /* DataGetter.swift in Sources */,
				FAA6DF2023107E1400B1DA7D /* CareerModel.xcdatamodeld in Sources */,
				570CE90E2315D6B300077B72 /* HomeCollectionViewCell.swift in Sources */,
				570CE9002315CA9700077B72 /* SignUpViewController.swift in Sources */,
				FA8AAD8623158E5900DA36A5 /* Steps+Convenience.swift in Sources */,
				FA8AAD8423158E4E00DA36A5 /* User_steps_completed+Convenience.swift in Sources */,
				FA8AAD8823158E6400DA36A5 /* Resources+Convenience.swift in Sources */,
				FA8AAD8023158E3700DA36A5 /* Tracks+Convenience.swift in Sources */,
				FA8AAD8A23158E7A00DA36A5 /* TaskTracksRepresentation.swift in Sources */,
				577EB1B52319BE9600EDB960 /* TasksController.swift in Sources */,
				FA8AAD8E23158E8F00DA36A5 /* UserRepresentation.swift in Sources */,
				FA8AAD8223158E4100DA36A5 /* User+Convenience.swift in Sources */,
				570CE8FC2315CA7E00077B72 /* LoginViewController.swift in Sources */,
				FACADFE0231701A5001BBE9C /* UserController.swift in Sources */,
				FA66A3A123198ECC00980AB6 /* StepsController.swift in Sources */,
				3738EC5523061D800083158B /* AppDelegate.swift in Sources */,
				570CE8E723144E1700077B72 /* RequirementsTableViewCell.swift in Sources */,
				FACADFDE2316FEDE001BBE9C /* Extensions.swift in Sources */,
				577EB1AF2319B7CF00EDB960 /* TracksController.swift in Sources */,
				FA593528232300C4003621A8 /* HomeViewController.swift in Sources */,
				5784F9EF23072BFB00C11198 /* Config.swift in Sources */,
				FA8AAD9223158EA300DA36A5 /* StepsRepresentation.swift in Sources */,
				FA66A3A32319919C00980AB6 /* ResourcesController.swift in Sources */,
				FAA6DF1D23107BDB00B1DA7D /* CoreDataStack.swift in Sources */,
				570CE9092315D57700077B72 /* Task.swift in Sources */,
				5784F9ED23072A1600C11198 /* CurrentUser.swift in Sources */,
				3738EC67230628770083158B /* CareerEndorsementViewController.swift in Sources */,
				570CE90B2315D59F00077B72 /* Lambda.swift in Sources */,
				570CE9072315D56500077B72 /* TaskController.swift in Sources */,
				FA8AAD7E23158E2100DA36A5 /* TasksTracks+Convenience.swift in Sources */,
				FA66A39F23187B1C00980AB6 /* UserStepsCompletedController.swift in Sources */,
				570CE8F92315CA5C00077B72 /* Server.swift in Sources */,
				570CE9112315F32200077B72 /* WelcomeNavigationController.swift in Sources */,
				FAA6DF2B2310831800B1DA7D /* TasksRepresentation.swift in Sources */,
			);
			runOnlyForDeploymentPostprocessing = 0;
		};
/* End PBXSourcesBuildPhase section */

/* Begin PBXVariantGroup section */
		3738EC5823061D800083158B /* Main.storyboard */ = {
			isa = PBXVariantGroup;
			children = (
				3738EC5923061D800083158B /* Base */,
			);
			name = Main.storyboard;
			sourceTree = "<group>";
		};
		3738EC5D23061D830083158B /* LaunchScreen.storyboard */ = {
			isa = PBXVariantGroup;
			children = (
				3738EC5E23061D830083158B /* Base */,
			);
			name = LaunchScreen.storyboard;
			sourceTree = "<group>";
		};
/* End PBXVariantGroup section */

/* Begin XCBuildConfiguration section */
		3738EC6123061D830083158B /* Debug */ = {
			isa = XCBuildConfiguration;
			buildSettings = {
				ALWAYS_SEARCH_USER_PATHS = NO;
				CLANG_ANALYZER_NONNULL = YES;
				CLANG_ANALYZER_NUMBER_OBJECT_CONVERSION = YES_AGGRESSIVE;
				CLANG_CXX_LANGUAGE_STANDARD = "gnu++14";
				CLANG_CXX_LIBRARY = "libc++";
				CLANG_ENABLE_MODULES = YES;
				CLANG_ENABLE_OBJC_ARC = YES;
				CLANG_ENABLE_OBJC_WEAK = YES;
				CLANG_WARN_BLOCK_CAPTURE_AUTORELEASING = YES;
				CLANG_WARN_BOOL_CONVERSION = YES;
				CLANG_WARN_COMMA = YES;
				CLANG_WARN_CONSTANT_CONVERSION = YES;
				CLANG_WARN_DEPRECATED_OBJC_IMPLEMENTATIONS = YES;
				CLANG_WARN_DIRECT_OBJC_ISA_USAGE = YES_ERROR;
				CLANG_WARN_DOCUMENTATION_COMMENTS = YES;
				CLANG_WARN_EMPTY_BODY = YES;
				CLANG_WARN_ENUM_CONVERSION = YES;
				CLANG_WARN_INFINITE_RECURSION = YES;
				CLANG_WARN_INT_CONVERSION = YES;
				CLANG_WARN_NON_LITERAL_NULL_CONVERSION = YES;
				CLANG_WARN_OBJC_IMPLICIT_RETAIN_SELF = YES;
				CLANG_WARN_OBJC_LITERAL_CONVERSION = YES;
				CLANG_WARN_OBJC_ROOT_CLASS = YES_ERROR;
				CLANG_WARN_RANGE_LOOP_ANALYSIS = YES;
				CLANG_WARN_STRICT_PROTOTYPES = YES;
				CLANG_WARN_SUSPICIOUS_MOVE = YES;
				CLANG_WARN_UNGUARDED_AVAILABILITY = YES_AGGRESSIVE;
				CLANG_WARN_UNREACHABLE_CODE = YES;
				CLANG_WARN__DUPLICATE_METHOD_MATCH = YES;
				CODE_SIGN_IDENTITY = "iPhone Developer";
				COPY_PHASE_STRIP = NO;
				DEBUG_INFORMATION_FORMAT = dwarf;
				ENABLE_STRICT_OBJC_MSGSEND = YES;
				ENABLE_TESTABILITY = YES;
				GCC_C_LANGUAGE_STANDARD = gnu11;
				GCC_DYNAMIC_NO_PIC = NO;
				GCC_NO_COMMON_BLOCKS = YES;
				GCC_OPTIMIZATION_LEVEL = 0;
				GCC_PREPROCESSOR_DEFINITIONS = (
					"DEBUG=1",
					"$(inherited)",
				);
				GCC_WARN_64_TO_32_BIT_CONVERSION = YES;
				GCC_WARN_ABOUT_RETURN_TYPE = YES_ERROR;
				GCC_WARN_UNDECLARED_SELECTOR = YES;
				GCC_WARN_UNINITIALIZED_AUTOS = YES_AGGRESSIVE;
				GCC_WARN_UNUSED_FUNCTION = YES;
				GCC_WARN_UNUSED_VARIABLE = YES;
				IPHONEOS_DEPLOYMENT_TARGET = 12.2;
				MTL_ENABLE_DEBUG_INFO = INCLUDE_SOURCE;
				MTL_FAST_MATH = YES;
				ONLY_ACTIVE_ARCH = YES;
				SDKROOT = iphoneos;
				SWIFT_ACTIVE_COMPILATION_CONDITIONS = DEBUG;
				SWIFT_OPTIMIZATION_LEVEL = "-Onone";
			};
			name = Debug;
		};
		3738EC6223061D830083158B /* Release */ = {
			isa = XCBuildConfiguration;
			buildSettings = {
				ALWAYS_SEARCH_USER_PATHS = NO;
				CLANG_ANALYZER_NONNULL = YES;
				CLANG_ANALYZER_NUMBER_OBJECT_CONVERSION = YES_AGGRESSIVE;
				CLANG_CXX_LANGUAGE_STANDARD = "gnu++14";
				CLANG_CXX_LIBRARY = "libc++";
				CLANG_ENABLE_MODULES = YES;
				CLANG_ENABLE_OBJC_ARC = YES;
				CLANG_ENABLE_OBJC_WEAK = YES;
				CLANG_WARN_BLOCK_CAPTURE_AUTORELEASING = YES;
				CLANG_WARN_BOOL_CONVERSION = YES;
				CLANG_WARN_COMMA = YES;
				CLANG_WARN_CONSTANT_CONVERSION = YES;
				CLANG_WARN_DEPRECATED_OBJC_IMPLEMENTATIONS = YES;
				CLANG_WARN_DIRECT_OBJC_ISA_USAGE = YES_ERROR;
				CLANG_WARN_DOCUMENTATION_COMMENTS = YES;
				CLANG_WARN_EMPTY_BODY = YES;
				CLANG_WARN_ENUM_CONVERSION = YES;
				CLANG_WARN_INFINITE_RECURSION = YES;
				CLANG_WARN_INT_CONVERSION = YES;
				CLANG_WARN_NON_LITERAL_NULL_CONVERSION = YES;
				CLANG_WARN_OBJC_IMPLICIT_RETAIN_SELF = YES;
				CLANG_WARN_OBJC_LITERAL_CONVERSION = YES;
				CLANG_WARN_OBJC_ROOT_CLASS = YES_ERROR;
				CLANG_WARN_RANGE_LOOP_ANALYSIS = YES;
				CLANG_WARN_STRICT_PROTOTYPES = YES;
				CLANG_WARN_SUSPICIOUS_MOVE = YES;
				CLANG_WARN_UNGUARDED_AVAILABILITY = YES_AGGRESSIVE;
				CLANG_WARN_UNREACHABLE_CODE = YES;
				CLANG_WARN__DUPLICATE_METHOD_MATCH = YES;
				CODE_SIGN_IDENTITY = "iPhone Developer";
				COPY_PHASE_STRIP = NO;
				DEBUG_INFORMATION_FORMAT = "dwarf-with-dsym";
				ENABLE_NS_ASSERTIONS = NO;
				ENABLE_STRICT_OBJC_MSGSEND = YES;
				GCC_C_LANGUAGE_STANDARD = gnu11;
				GCC_NO_COMMON_BLOCKS = YES;
				GCC_WARN_64_TO_32_BIT_CONVERSION = YES;
				GCC_WARN_ABOUT_RETURN_TYPE = YES_ERROR;
				GCC_WARN_UNDECLARED_SELECTOR = YES;
				GCC_WARN_UNINITIALIZED_AUTOS = YES_AGGRESSIVE;
				GCC_WARN_UNUSED_FUNCTION = YES;
				GCC_WARN_UNUSED_VARIABLE = YES;
				IPHONEOS_DEPLOYMENT_TARGET = 12.2;
				MTL_ENABLE_DEBUG_INFO = NO;
				MTL_FAST_MATH = YES;
				SDKROOT = iphoneos;
				SWIFT_COMPILATION_MODE = wholemodule;
				SWIFT_OPTIMIZATION_LEVEL = "-O";
				VALIDATE_PRODUCT = YES;
			};
			name = Release;
		};
		3738EC6423061D830083158B /* Debug */ = {
			isa = XCBuildConfiguration;
			baseConfigurationReference = BF19141FFFADA7483E90C29F /* Pods-Career Endorsement Tracker.debug.xcconfig */;
			buildSettings = {
				ALWAYS_EMBED_SWIFT_STANDARD_LIBRARIES = YES;
				ASSETCATALOG_COMPILER_APPICON_NAME = AppIcon;
				CODE_SIGN_ENTITLEMENTS = "Career Endorsement Tracker/Career Endorsement Tracker.entitlements";
				CODE_SIGN_STYLE = Automatic;
				DEVELOPMENT_TEAM = "";
				INFOPLIST_FILE = "Career Endorsement Tracker/Supporting/Info.plist";
				LD_RUNPATH_SEARCH_PATHS = (
					"$(inherited)",
					"@executable_path/Frameworks",
				);
				PRODUCT_BUNDLE_IDENTIFIER = "com.endrsd.Career-Endorsement-Tracker";
				PRODUCT_NAME = "$(TARGET_NAME)";
				SWIFT_VERSION = 5.0;
				TARGETED_DEVICE_FAMILY = "1,2";
			};
			name = Debug;
		};
		3738EC6523061D830083158B /* Release */ = {
			isa = XCBuildConfiguration;
			baseConfigurationReference = BA3180B42150088BF535A9D8 /* Pods-Career Endorsement Tracker.release.xcconfig */;
			buildSettings = {
				ALWAYS_EMBED_SWIFT_STANDARD_LIBRARIES = YES;
				ASSETCATALOG_COMPILER_APPICON_NAME = AppIcon;
				CODE_SIGN_ENTITLEMENTS = "Career Endorsement Tracker/Career Endorsement Tracker.entitlements";
				CODE_SIGN_STYLE = Automatic;
				DEVELOPMENT_TEAM = "";
				INFOPLIST_FILE = "Career Endorsement Tracker/Supporting/Info.plist";
				LD_RUNPATH_SEARCH_PATHS = (
					"$(inherited)",
					"@executable_path/Frameworks",
				);
				PRODUCT_BUNDLE_IDENTIFIER = "com.endrsd.Career-Endorsement-Tracker";
				PRODUCT_NAME = "$(TARGET_NAME)";
				SWIFT_VERSION = 5.0;
				TARGETED_DEVICE_FAMILY = "1,2";
			};
			name = Release;
		};
/* End XCBuildConfiguration section */

/* Begin XCConfigurationList section */
		3738EC4C23061D800083158B /* Build configuration list for PBXProject "Career Endorsement Tracker" */ = {
			isa = XCConfigurationList;
			buildConfigurations = (
				3738EC6123061D830083158B /* Debug */,
				3738EC6223061D830083158B /* Release */,
			);
			defaultConfigurationIsVisible = 0;
			defaultConfigurationName = Release;
		};
		3738EC6323061D830083158B /* Build configuration list for PBXNativeTarget "Career Endorsement Tracker" */ = {
			isa = XCConfigurationList;
			buildConfigurations = (
				3738EC6423061D830083158B /* Debug */,
				3738EC6523061D830083158B /* Release */,
			);
			defaultConfigurationIsVisible = 0;
			defaultConfigurationName = Release;
		};
/* End XCConfigurationList section */

/* Begin XCVersionGroup section */
		FAA6DF1E23107E1400B1DA7D /* CareerModel.xcdatamodeld */ = {
			isa = XCVersionGroup;
			children = (
				FAA6DF1F23107E1400B1DA7D /* CareerModel.xcdatamodel */,
			);
			currentVersion = FAA6DF1F23107E1400B1DA7D /* CareerModel.xcdatamodel */;
			path = CareerModel.xcdatamodeld;
			sourceTree = "<group>";
			versionGroupType = wrapper.xcdatamodel;
		};
/* End XCVersionGroup section */
	};
	rootObject = 3738EC4923061D800083158B /* Project object */;
}
