// !$*UTF8*$!
{
	archiveVersion = 1;
	classes = {
	};
	objectVersion = 50;
	objects = {

/* Begin PBXBuildFile section */
		3738EC5523061D800083158B /* AppDelegate.swift in Sources */ = {isa = PBXBuildFile; fileRef = 3738EC5423061D800083158B /* AppDelegate.swift */; };
		3738EC5A23061D800083158B /* Main.storyboard in Resources */ = {isa = PBXBuildFile; fileRef = 3738EC5823061D800083158B /* Main.storyboard */; };
		3738EC5C23061D830083158B /* Assets.xcassets in Resources */ = {isa = PBXBuildFile; fileRef = 3738EC5B23061D830083158B /* Assets.xcassets */; };
		3738EC5F23061D830083158B /* LaunchScreen.storyboard in Resources */ = {isa = PBXBuildFile; fileRef = 3738EC5D23061D830083158B /* LaunchScreen.storyboard */; };
		3738EC67230628770083158B /* CareerEndorsementViewController.swift in Sources */ = {isa = PBXBuildFile; fileRef = 3738EC66230628770083158B /* CareerEndorsementViewController.swift */; };
		5784F9EB230729B600C11198 /* DataGetter.swift in Sources */ = {isa = PBXBuildFile; fileRef = 5784F9EA230729B600C11198 /* DataGetter.swift */; };
		5784F9ED23072A1600C11198 /* CurrentUser.swift in Sources */ = {isa = PBXBuildFile; fileRef = 5784F9EC23072A1600C11198 /* CurrentUser.swift */; };
		5784F9EF23072BFB00C11198 /* Config.swift in Sources */ = {isa = PBXBuildFile; fileRef = 5784F9EE23072BFB00C11198 /* Config.swift */; };
		A2B0A87515BC226E3F4CB9AC /* Pods_Career_Endorsement_Tracker.framework in Frameworks */ = {isa = PBXBuildFile; fileRef = 3ACBD38D9B88F5507D50FED8 /* Pods_Career_Endorsement_Tracker.framework */; };
/* End PBXBuildFile section */

/* Begin PBXFileReference section */
		1D1A97918061F171028B36D4 /* Pods-Career Endorsement Tracker.release.xcconfig */ = {isa = PBXFileReference; includeInIndex = 1; lastKnownFileType = text.xcconfig; name = "Pods-Career Endorsement Tracker.release.xcconfig"; path = "Target Support Files/Pods-Career Endorsement Tracker/Pods-Career Endorsement Tracker.release.xcconfig"; sourceTree = "<group>"; };
		3738EC5123061D800083158B /* Career Endorsement Tracker.app */ = {isa = PBXFileReference; explicitFileType = wrapper.application; includeInIndex = 0; path = "Career Endorsement Tracker.app"; sourceTree = BUILT_PRODUCTS_DIR; };
		3738EC5423061D800083158B /* AppDelegate.swift */ = {isa = PBXFileReference; lastKnownFileType = sourcecode.swift; name = AppDelegate.swift; path = ../AppDelegate.swift; sourceTree = "<group>"; };
		3738EC5923061D800083158B /* Base */ = {isa = PBXFileReference; lastKnownFileType = file.storyboard; name = Base; path = Base.lproj/Main.storyboard; sourceTree = "<group>"; };
		3738EC5B23061D830083158B /* Assets.xcassets */ = {isa = PBXFileReference; lastKnownFileType = folder.assetcatalog; path = Assets.xcassets; sourceTree = "<group>"; };
		3738EC5E23061D830083158B /* Base */ = {isa = PBXFileReference; lastKnownFileType = file.storyboard; name = Base; path = Base.lproj/LaunchScreen.storyboard; sourceTree = "<group>"; };
		3738EC6023061D830083158B /* Info.plist */ = {isa = PBXFileReference; lastKnownFileType = text.plist.xml; path = Info.plist; sourceTree = "<group>"; };
		3738EC66230628770083158B /* CareerEndorsementViewController.swift */ = {isa = PBXFileReference; lastKnownFileType = sourcecode.swift; path = CareerEndorsementViewController.swift; sourceTree = "<group>"; };
		3ACBD38D9B88F5507D50FED8 /* Pods_Career_Endorsement_Tracker.framework */ = {isa = PBXFileReference; explicitFileType = wrapper.framework; includeInIndex = 0; path = Pods_Career_Endorsement_Tracker.framework; sourceTree = BUILT_PRODUCTS_DIR; };
		5784F9EA230729B600C11198 /* DataGetter.swift */ = {isa = PBXFileReference; lastKnownFileType = sourcecode.swift; path = DataGetter.swift; sourceTree = "<group>"; };
		5784F9EC23072A1600C11198 /* CurrentUser.swift */ = {isa = PBXFileReference; lastKnownFileType = sourcecode.swift; path = CurrentUser.swift; sourceTree = "<group>"; };
		5784F9EE23072BFB00C11198 /* Config.swift */ = {isa = PBXFileReference; lastKnownFileType = sourcecode.swift; path = Config.swift; sourceTree = "<group>"; };
		C9C6DD038EA49314E0BE8940 /* Pods-Career Endorsement Tracker.debug.xcconfig */ = {isa = PBXFileReference; includeInIndex = 1; lastKnownFileType = text.xcconfig; name = "Pods-Career Endorsement Tracker.debug.xcconfig"; path = "Target Support Files/Pods-Career Endorsement Tracker/Pods-Career Endorsement Tracker.debug.xcconfig"; sourceTree = "<group>"; };
/* End PBXFileReference section */

/* Begin PBXFrameworksBuildPhase section */
		3738EC4E23061D800083158B /* Frameworks */ = {
			isa = PBXFrameworksBuildPhase;
			buildActionMask = 2147483647;
			files = (
				A2B0A87515BC226E3F4CB9AC /* Pods_Career_Endorsement_Tracker.framework in Frameworks */,
			);
			runOnlyForDeploymentPostprocessing = 0;
		};
/* End PBXFrameworksBuildPhase section */

/* Begin PBXGroup section */
		0D45AFB23C58BBE35B56D597 /* Pods */ = {
			isa = PBXGroup;
			children = (
				C9C6DD038EA49314E0BE8940 /* Pods-Career Endorsement Tracker.debug.xcconfig */,
				1D1A97918061F171028B36D4 /* Pods-Career Endorsement Tracker.release.xcconfig */,
			);
			path = Pods;
			sourceTree = "<group>";
		};
		3738EC4823061D800083158B = {
			isa = PBXGroup;
			children = (
				3738EC5323061D800083158B /* Career Endorsement Tracker */,
				3738EC5223061D800083158B /* Products */,
				0D45AFB23C58BBE35B56D597 /* Pods */,
				FFA804A24F4F6DEE9477576E /* Frameworks */,
			);
			sourceTree = "<group>";
		};
		3738EC5223061D800083158B /* Products */ = {
			isa = PBXGroup;
			children = (
				3738EC5123061D800083158B /* Career Endorsement Tracker.app */,
			);
			name = Products;
			sourceTree = "<group>";
		};
		3738EC5323061D800083158B /* Career Endorsement Tracker */ = {
			isa = PBXGroup;
			children = (
				5784F9E92307295400C11198 /* Constants */,
				5784F9E82307293B00C11198 /* Extensions */,
				5784F9E72307291900C11198 /* Storyboards */,
				5784F9E62307290D00C11198 /* Supporting */,
				5784F9E52307290800C11198 /* Views */,
				5784F9E4230728FF00C11198 /* Networking  */,
				5784F9E3230728F800C11198 /* ViewControllers */,
				5784F9E2230728EE00C11198 /* Controllers */,
				5784F9E1230728E900C11198 /* Models */,
				3738EC5823061D800083158B /* Main.storyboard */,
				3738EC5D23061D830083158B /* LaunchScreen.storyboard */,
			);
			path = "Career Endorsement Tracker";
			sourceTree = "<group>";
		};
		5784F9E1230728E900C11198 /* Models */ = {
			isa = PBXGroup;
			children = (
				5784F9EC23072A1600C11198 /* CurrentUser.swift */,
			);
			path = Models;
			sourceTree = "<group>";
		};
		5784F9E2230728EE00C11198 /* Controllers */ = {
			isa = PBXGroup;
			children = (
			);
			path = Controllers;
			sourceTree = "<group>";
		};
		5784F9E3230728F800C11198 /* ViewControllers */ = {
			isa = PBXGroup;
			children = (
				3738EC66230628770083158B /* CareerEndorsementViewController.swift */,
			);
			path = ViewControllers;
			sourceTree = "<group>";
		};
		5784F9E4230728FF00C11198 /* Networking  */ = {
			isa = PBXGroup;
			children = (
				5784F9EA230729B600C11198 /* DataGetter.swift */,
			);
			path = "Networking ";
			sourceTree = "<group>";
		};
		5784F9E52307290800C11198 /* Views */ = {
			isa = PBXGroup;
			children = (
			);
			path = Views;
			sourceTree = "<group>";
		};
		5784F9E62307290D00C11198 /* Supporting */ = {
			isa = PBXGroup;
			children = (
				3738EC5423061D800083158B /* AppDelegate.swift */,
				3738EC6023061D830083158B /* Info.plist */,
				3738EC5B23061D830083158B /* Assets.xcassets */,
			);
			path = Supporting;
			sourceTree = "<group>";
		};
		5784F9E72307291900C11198 /* Storyboards */ = {
			isa = PBXGroup;
			children = (
			);
			path = Storyboards;
			sourceTree = "<group>";
		};
		5784F9E82307293B00C11198 /* Extensions */ = {
			isa = PBXGroup;
			children = (
			);
			path = Extensions;
			sourceTree = "<group>";
		};
		5784F9E92307295400C11198 /* Constants */ = {
			isa = PBXGroup;
			children = (
				5784F9EE23072BFB00C11198 /* Config.swift */,
			);
			path = Constants;
			sourceTree = "<group>";
		};
		FFA804A24F4F6DEE9477576E /* Frameworks */ = {
			isa = PBXGroup;
			children = (
				3ACBD38D9B88F5507D50FED8 /* Pods_Career_Endorsement_Tracker.framework */,
			);
			name = Frameworks;
			sourceTree = "<group>";
		};
/* End PBXGroup section */

/* Begin PBXNativeTarget section */
		3738EC5023061D800083158B /* Career Endorsement Tracker */ = {
			isa = PBXNativeTarget;
			buildConfigurationList = 3738EC6323061D830083158B /* Build configuration list for PBXNativeTarget "Career Endorsement Tracker" */;
			buildPhases = (
				08D6C1A9FE707657A6D62121 /* [CP] Check Pods Manifest.lock */,
				3738EC4D23061D800083158B /* Sources */,
				3738EC4E23061D800083158B /* Frameworks */,
				3738EC4F23061D800083158B /* Resources */,
				7B921B889824806A040FF1BF /* [CP] Embed Pods Frameworks */,
			);
			buildRules = (
			);
			dependencies = (
			);
			name = "Career Endorsement Tracker";
			productName = "Career Endorsement Tracker";
			productReference = 3738EC5123061D800083158B /* Career Endorsement Tracker.app */;
			productType = "com.apple.product-type.application";
		};
/* End PBXNativeTarget section */

/* Begin PBXProject section */
		3738EC4923061D800083158B /* Project object */ = {
			isa = PBXProject;
			attributes = {
				LastSwiftUpdateCheck = 1020;
				LastUpgradeCheck = 1020;
				ORGANIZATIONNAME = "Lambda School";
				TargetAttributes = {
					3738EC5023061D800083158B = {
						CreatedOnToolsVersion = 10.2.1;
					};
				};
			};
			buildConfigurationList = 3738EC4C23061D800083158B /* Build configuration list for PBXProject "Career Endorsement Tracker" */;
			compatibilityVersion = "Xcode 9.3";
			developmentRegion = en;
			hasScannedForEncodings = 0;
			knownRegions = (
				en,
				Base,
			);
			mainGroup = 3738EC4823061D800083158B;
			productRefGroup = 3738EC5223061D800083158B /* Products */;
			projectDirPath = "";
			projectRoot = "";
			targets = (
				3738EC5023061D800083158B /* Career Endorsement Tracker */,
			);
		};
/* End PBXProject section */

/* Begin PBXResourcesBuildPhase section */
		3738EC4F23061D800083158B /* Resources */ = {
			isa = PBXResourcesBuildPhase;
			buildActionMask = 2147483647;
			files = (
				3738EC5F23061D830083158B /* LaunchScreen.storyboard in Resources */,
				3738EC5C23061D830083158B /* Assets.xcassets in Resources */,
				3738EC5A23061D800083158B /* Main.storyboard in Resources */,
			);
			runOnlyForDeploymentPostprocessing = 0;
		};
/* End PBXResourcesBuildPhase section */

/* Begin PBXShellScriptBuildPhase section */
		08D6C1A9FE707657A6D62121 /* [CP] Check Pods Manifest.lock */ = {
			isa = PBXShellScriptBuildPhase;
			buildActionMask = 2147483647;
			files = (
			);
			inputFileListPaths = (
			);
			inputPaths = (
				"${PODS_PODFILE_DIR_PATH}/Podfile.lock",
				"${PODS_ROOT}/Manifest.lock",
			);
			name = "[CP] Check Pods Manifest.lock";
			outputFileListPaths = (
			);
			outputPaths = (
				"$(DERIVED_FILE_DIR)/Pods-Career Endorsement Tracker-checkManifestLockResult.txt",
			);
			runOnlyForDeploymentPostprocessing = 0;
			shellPath = /bin/sh;
			shellScript = "diff \"${PODS_PODFILE_DIR_PATH}/Podfile.lock\" \"${PODS_ROOT}/Manifest.lock\" > /dev/null\nif [ $? != 0 ] ; then\n    # print error to STDERR\n    echo \"error: The sandbox is not in sync with the Podfile.lock. Run 'pod install' or update your CocoaPods installation.\" >&2\n    exit 1\nfi\n# This output is used by Xcode 'outputs' to avoid re-running this script phase.\necho \"SUCCESS\" > \"${SCRIPT_OUTPUT_FILE_0}\"\n";
			showEnvVarsInLog = 0;
		};
		7B921B889824806A040FF1BF /* [CP] Embed Pods Frameworks */ = {
			isa = PBXShellScriptBuildPhase;
			buildActionMask = 2147483647;
			files = (
			);
			inputFileListPaths = (
			);
			inputPaths = (
				"${PODS_ROOT}/Target Support Files/Pods-Career Endorsement Tracker/Pods-Career Endorsement Tracker-frameworks.sh",
				"${BUILT_PRODUCTS_DIR}/JGProgressHUD/JGProgressHUD.framework",
				"${BUILT_PRODUCTS_DIR}/LBTAComponents/LBTAComponents.framework",
			);
			name = "[CP] Embed Pods Frameworks";
			outputFileListPaths = (
			);
			outputPaths = (
				"${TARGET_BUILD_DIR}/${FRAMEWORKS_FOLDER_PATH}/JGProgressHUD.framework",
				"${TARGET_BUILD_DIR}/${FRAMEWORKS_FOLDER_PATH}/LBTAComponents.framework",
			);
			runOnlyForDeploymentPostprocessing = 0;
			shellPath = /bin/sh;
			shellScript = "\"${PODS_ROOT}/Target Support Files/Pods-Career Endorsement Tracker/Pods-Career Endorsement Tracker-frameworks.sh\"\n";
			showEnvVarsInLog = 0;
		};
/* End PBXShellScriptBuildPhase section */

/* Begin PBXSourcesBuildPhase section */
		3738EC4D23061D800083158B /* Sources */ = {
			isa = PBXSourcesBuildPhase;
			buildActionMask = 2147483647;
			files = (
				5784F9EB230729B600C11198 /* DataGetter.swift in Sources */,
				3738EC5523061D800083158B /* AppDelegate.swift in Sources */,
				5784F9EF23072BFB00C11198 /* Config.swift in Sources */,
				5784F9ED23072A1600C11198 /* CurrentUser.swift in Sources */,
				3738EC67230628770083158B /* CareerEndorsementViewController.swift in Sources */,
			);
			runOnlyForDeploymentPostprocessing = 0;
		};
/* End PBXSourcesBuildPhase section */

/* Begin PBXVariantGroup section */
		3738EC5823061D800083158B /* Main.storyboard */ = {
			isa = PBXVariantGroup;
			children = (
				3738EC5923061D800083158B /* Base */,
			);
			name = Main.storyboard;
			sourceTree = "<group>";
		};
		3738EC5D23061D830083158B /* LaunchScreen.storyboard */ = {
			isa = PBXVariantGroup;
			children = (
				3738EC5E23061D830083158B /* Base */,
			);
			name = LaunchScreen.storyboard;
			sourceTree = "<group>";
		};
/* End PBXVariantGroup section */

/* Begin XCBuildConfiguration section */
		3738EC6123061D830083158B /* Debug */ = {
			isa = XCBuildConfiguration;
			buildSettings = {
				ALWAYS_SEARCH_USER_PATHS = NO;
				CLANG_ANALYZER_NONNULL = YES;
				CLANG_ANALYZER_NUMBER_OBJECT_CONVERSION = YES_AGGRESSIVE;
				CLANG_CXX_LANGUAGE_STANDARD = "gnu++14";
				CLANG_CXX_LIBRARY = "libc++";
				CLANG_ENABLE_MODULES = YES;
				CLANG_ENABLE_OBJC_ARC = YES;
				CLANG_ENABLE_OBJC_WEAK = YES;
				CLANG_WARN_BLOCK_CAPTURE_AUTORELEASING = YES;
				CLANG_WARN_BOOL_CONVERSION = YES;
				CLANG_WARN_COMMA = YES;
				CLANG_WARN_CONSTANT_CONVERSION = YES;
				CLANG_WARN_DEPRECATED_OBJC_IMPLEMENTATIONS = YES;
				CLANG_WARN_DIRECT_OBJC_ISA_USAGE = YES_ERROR;
				CLANG_WARN_DOCUMENTATION_COMMENTS = YES;
				CLANG_WARN_EMPTY_BODY = YES;
				CLANG_WARN_ENUM_CONVERSION = YES;
				CLANG_WARN_INFINITE_RECURSION = YES;
				CLANG_WARN_INT_CONVERSION = YES;
				CLANG_WARN_NON_LITERAL_NULL_CONVERSION = YES;
				CLANG_WARN_OBJC_IMPLICIT_RETAIN_SELF = YES;
				CLANG_WARN_OBJC_LITERAL_CONVERSION = YES;
				CLANG_WARN_OBJC_ROOT_CLASS = YES_ERROR;
				CLANG_WARN_RANGE_LOOP_ANALYSIS = YES;
				CLANG_WARN_STRICT_PROTOTYPES = YES;
				CLANG_WARN_SUSPICIOUS_MOVE = YES;
				CLANG_WARN_UNGUARDED_AVAILABILITY = YES_AGGRESSIVE;
				CLANG_WARN_UNREACHABLE_CODE = YES;
				CLANG_WARN__DUPLICATE_METHOD_MATCH = YES;
				CODE_SIGN_IDENTITY = "iPhone Developer";
				COPY_PHASE_STRIP = NO;
				DEBUG_INFORMATION_FORMAT = dwarf;
				ENABLE_STRICT_OBJC_MSGSEND = YES;
				ENABLE_TESTABILITY = YES;
				GCC_C_LANGUAGE_STANDARD = gnu11;
				GCC_DYNAMIC_NO_PIC = NO;
				GCC_NO_COMMON_BLOCKS = YES;
				GCC_OPTIMIZATION_LEVEL = 0;
				GCC_PREPROCESSOR_DEFINITIONS = (
					"DEBUG=1",
					"$(inherited)",
				);
				GCC_WARN_64_TO_32_BIT_CONVERSION = YES;
				GCC_WARN_ABOUT_RETURN_TYPE = YES_ERROR;
				GCC_WARN_UNDECLARED_SELECTOR = YES;
				GCC_WARN_UNINITIALIZED_AUTOS = YES_AGGRESSIVE;
				GCC_WARN_UNUSED_FUNCTION = YES;
				GCC_WARN_UNUSED_VARIABLE = YES;
				IPHONEOS_DEPLOYMENT_TARGET = 12.2;
				MTL_ENABLE_DEBUG_INFO = INCLUDE_SOURCE;
				MTL_FAST_MATH = YES;
				ONLY_ACTIVE_ARCH = YES;
				SDKROOT = iphoneos;
				SWIFT_ACTIVE_COMPILATION_CONDITIONS = DEBUG;
				SWIFT_OPTIMIZATION_LEVEL = "-Onone";
			};
			name = Debug;
		};
		3738EC6223061D830083158B /* Release */ = {
			isa = XCBuildConfiguration;
			buildSettings = {
				ALWAYS_SEARCH_USER_PATHS = NO;
				CLANG_ANALYZER_NONNULL = YES;
				CLANG_ANALYZER_NUMBER_OBJECT_CONVERSION = YES_AGGRESSIVE;
				CLANG_CXX_LANGUAGE_STANDARD = "gnu++14";
				CLANG_CXX_LIBRARY = "libc++";
				CLANG_ENABLE_MODULES = YES;
				CLANG_ENABLE_OBJC_ARC = YES;
				CLANG_ENABLE_OBJC_WEAK = YES;
				CLANG_WARN_BLOCK_CAPTURE_AUTORELEASING = YES;
				CLANG_WARN_BOOL_CONVERSION = YES;
				CLANG_WARN_COMMA = YES;
				CLANG_WARN_CONSTANT_CONVERSION = YES;
				CLANG_WARN_DEPRECATED_OBJC_IMPLEMENTATIONS = YES;
				CLANG_WARN_DIRECT_OBJC_ISA_USAGE = YES_ERROR;
				CLANG_WARN_DOCUMENTATION_COMMENTS = YES;
				CLANG_WARN_EMPTY_BODY = YES;
				CLANG_WARN_ENUM_CONVERSION = YES;
				CLANG_WARN_INFINITE_RECURSION = YES;
				CLANG_WARN_INT_CONVERSION = YES;
				CLANG_WARN_NON_LITERAL_NULL_CONVERSION = YES;
				CLANG_WARN_OBJC_IMPLICIT_RETAIN_SELF = YES;
				CLANG_WARN_OBJC_LITERAL_CONVERSION = YES;
				CLANG_WARN_OBJC_ROOT_CLASS = YES_ERROR;
				CLANG_WARN_RANGE_LOOP_ANALYSIS = YES;
				CLANG_WARN_STRICT_PROTOTYPES = YES;
				CLANG_WARN_SUSPICIOUS_MOVE = YES;
				CLANG_WARN_UNGUARDED_AVAILABILITY = YES_AGGRESSIVE;
				CLANG_WARN_UNREACHABLE_CODE = YES;
				CLANG_WARN__DUPLICATE_METHOD_MATCH = YES;
				CODE_SIGN_IDENTITY = "iPhone Developer";
				COPY_PHASE_STRIP = NO;
				DEBUG_INFORMATION_FORMAT = "dwarf-with-dsym";
				ENABLE_NS_ASSERTIONS = NO;
				ENABLE_STRICT_OBJC_MSGSEND = YES;
				GCC_C_LANGUAGE_STANDARD = gnu11;
				GCC_NO_COMMON_BLOCKS = YES;
				GCC_WARN_64_TO_32_BIT_CONVERSION = YES;
				GCC_WARN_ABOUT_RETURN_TYPE = YES_ERROR;
				GCC_WARN_UNDECLARED_SELECTOR = YES;
				GCC_WARN_UNINITIALIZED_AUTOS = YES_AGGRESSIVE;
				GCC_WARN_UNUSED_FUNCTION = YES;
				GCC_WARN_UNUSED_VARIABLE = YES;
				IPHONEOS_DEPLOYMENT_TARGET = 12.2;
				MTL_ENABLE_DEBUG_INFO = NO;
				MTL_FAST_MATH = YES;
				SDKROOT = iphoneos;
				SWIFT_COMPILATION_MODE = wholemodule;
				SWIFT_OPTIMIZATION_LEVEL = "-O";
				VALIDATE_PRODUCT = YES;
			};
			name = Release;
		};
		3738EC6423061D830083158B /* Debug */ = {
			isa = XCBuildConfiguration;
			baseConfigurationReference = C9C6DD038EA49314E0BE8940 /* Pods-Career Endorsement Tracker.debug.xcconfig */;
			buildSettings = {
				ASSETCATALOG_COMPILER_APPICON_NAME = AppIcon;
				CODE_SIGN_STYLE = Automatic;
				DEVELOPMENT_TEAM = VXUQXR6S56;
				INFOPLIST_FILE = "Career Endorsement Tracker/Supporting/Info.plist";
				LD_RUNPATH_SEARCH_PATHS = (
					"$(inherited)",
					"@executable_path/Frameworks",
				);
				PRODUCT_BUNDLE_IDENTIFIER = "com.careerendorsement.Career-Endorsement-Tracker";
				PRODUCT_NAME = "$(TARGET_NAME)";
				SWIFT_VERSION = 5.0;
				TARGETED_DEVICE_FAMILY = "1,2";
			};
			name = Debug;
		};
		3738EC6523061D830083158B /* Release */ = {
			isa = XCBuildConfiguration;
			baseConfigurationReference = 1D1A97918061F171028B36D4 /* Pods-Career Endorsement Tracker.release.xcconfig */;
			buildSettings = {
				ASSETCATALOG_COMPILER_APPICON_NAME = AppIcon;
				CODE_SIGN_STYLE = Automatic;
				DEVELOPMENT_TEAM = VXUQXR6S56;
				INFOPLIST_FILE = "Career Endorsement Tracker/Supporting/Info.plist";
				LD_RUNPATH_SEARCH_PATHS = (
					"$(inherited)",
					"@executable_path/Frameworks",
				);
				PRODUCT_BUNDLE_IDENTIFIER = "com.careerendorsement.Career-Endorsement-Tracker";
				PRODUCT_NAME = "$(TARGET_NAME)";
				SWIFT_VERSION = 5.0;
				TARGETED_DEVICE_FAMILY = "1,2";
			};
			name = Release;
		};
/* End XCBuildConfiguration section */

/* Begin XCConfigurationList section */
		3738EC4C23061D800083158B /* Build configuration list for PBXProject "Career Endorsement Tracker" */ = {
			isa = XCConfigurationList;
			buildConfigurations = (
				3738EC6123061D830083158B /* Debug */,
				3738EC6223061D830083158B /* Release */,
			);
			defaultConfigurationIsVisible = 0;
			defaultConfigurationName = Release;
		};
		3738EC6323061D830083158B /* Build configuration list for PBXNativeTarget "Career Endorsement Tracker" */ = {
			isa = XCConfigurationList;
			buildConfigurations = (
				3738EC6423061D830083158B /* Debug */,
				3738EC6523061D830083158B /* Release */,
			);
			defaultConfigurationIsVisible = 0;
			defaultConfigurationName = Release;
		};
/* End XCConfigurationList section */
	};
	rootObject = 3738EC4923061D800083158B /* Project object */;
}
